// !$*UTF8*$!
{
	archiveVersion = 1;
	classes = {
	};
	objectVersion = 50;
	objects = {

/* Begin PBXBuildFile section */
		B499A310221E72510060165A /* main.cpp in Sources */ = {isa = PBXBuildFile; fileRef = B499A30F221E72500060165A /* main.cpp */; };
		B4B19642221EB6C7007D4146 /* codecount.cpp in Sources */ = {isa = PBXBuildFile; fileRef = B4B19636221EB6C7007D4146 /* codecount.cpp */; };
		CE1BAAAC234871B900DAD494 /* main.mm in Sources */ = {isa = PBXBuildFile; fileRef = CE1BAAAA234871B900DAD494 /* main.mm */; };
		CE1BAAAD234871B900DAD494 /* main.cpp in Sources */ = {isa = PBXBuildFile; fileRef = CE1BAAAB234871B900DAD494 /* main.cpp */; };
		CE1BAAB82348A34B00DAD494 /* dynamic_osx.cpp in Sources */ = {isa = PBXBuildFile; fileRef = CE1BAAB62348A34B00DAD494 /* dynamic_osx.cpp */; };
		CE21BEA322085E4B00AED03F /* mainctrl.cpp in Sources */ = {isa = PBXBuildFile; fileRef = CE21BE9522085E4B00AED03F /* mainctrl.cpp */; };
		CE21BEA622085E4B00AED03F /* stdlibs.cpp in Sources */ = {isa = PBXBuildFile; fileRef = CE21BE9B22085E4B00AED03F /* stdlibs.cpp */; };
		CE21BEAE2208620300AED03F /* fsystem.cpp in Sources */ = {isa = PBXBuildFile; fileRef = CE21BEAB2208620300AED03F /* fsystem.cpp */; };
		CE21BEAF2208620300AED03F /* fsystem_osx.cpp in Sources */ = {isa = PBXBuildFile; fileRef = CE21BEAC2208620300AED03F /* fsystem_osx.cpp */; };
		CE21BEB2220868B900AED03F /* print.cpp in Sources */ = {isa = PBXBuildFile; fileRef = CE21BEB0220868B900AED03F /* print.cpp */; };
		CE2B47E62348D6DB001816D8 /* dynamic_win32.cpp in Sources */ = {isa = PBXBuildFile; fileRef = CE2B47E52348D6DB001816D8 /* dynamic_win32.cpp */; };
		CE4B65D32347913F00C4FB1E /* fsystem_win32.cpp in Sources */ = {isa = PBXBuildFile; fileRef = CE4B65D22347913F00C4FB1E /* fsystem_win32.cpp */; };
		CE844339220D5874008D3F79 /* unicode.cpp in Sources */ = {isa = PBXBuildFile; fileRef = CE844337220D5874008D3F79 /* unicode.cpp */; };
/* End PBXBuildFile section */

/* Begin PBXCopyFilesBuildPhase section */
		CE2BF72F21BFF1D10013614A /* CopyFiles */ = {
			isa = PBXCopyFilesBuildPhase;
			buildActionMask = 2147483647;
			dstPath = /usr/share/man/man1/;
			dstSubfolderSpec = 0;
			files = (
			);
			runOnlyForDeploymentPostprocessing = 1;
		};
/* End PBXCopyFilesBuildPhase section */

/* Begin PBXFileReference section */
		B499A30F221E72500060165A /* main.cpp */ = {isa = PBXFileReference; fileEncoding = 4; lastKnownFileType = sourcecode.cpp.cpp; path = main.cpp; sourceTree = "<group>"; };
		B4B19636221EB6C7007D4146 /* codecount.cpp */ = {isa = PBXFileReference; fileEncoding = 4; lastKnownFileType = sourcecode.cpp.cpp; path = codecount.cpp; sourceTree = "<group>"; };
		B4B19640221EB6C7007D4146 /* codecount.hh */ = {isa = PBXFileReference; fileEncoding = 4; lastKnownFileType = sourcecode.cpp.h; path = codecount.hh; sourceTree = "<group>"; };
		CE1BAAAA234871B900DAD494 /* main.mm */ = {isa = PBXFileReference; fileEncoding = 4; lastKnownFileType = sourcecode.cpp.objcpp; path = main.mm; sourceTree = "<group>"; };
		CE1BAAAB234871B900DAD494 /* main.cpp */ = {isa = PBXFileReference; fileEncoding = 4; lastKnownFileType = sourcecode.cpp.cpp; path = main.cpp; sourceTree = "<group>"; };
		CE1BAAB52348A34B00DAD494 /* dynamic.hh */ = {isa = PBXFileReference; fileEncoding = 4; lastKnownFileType = sourcecode.cpp.h; path = dynamic.hh; sourceTree = "<group>"; };
		CE1BAAB62348A34B00DAD494 /* dynamic_osx.cpp */ = {isa = PBXFileReference; fileEncoding = 4; lastKnownFileType = sourcecode.cpp.cpp; path = dynamic_osx.cpp; sourceTree = "<group>"; };
		CE21BE9522085E4B00AED03F /* mainctrl.cpp */ = {isa = PBXFileReference; fileEncoding = 4; lastKnownFileType = sourcecode.cpp.cpp; path = mainctrl.cpp; sourceTree = "<group>"; };
		CE21BE9B22085E4B00AED03F /* stdlibs.cpp */ = {isa = PBXFileReference; fileEncoding = 4; lastKnownFileType = sourcecode.cpp.cpp; path = stdlibs.cpp; sourceTree = "<group>"; };
		CE21BE9C22085E4B00AED03F /* stdlibs.hh */ = {isa = PBXFileReference; fileEncoding = 4; lastKnownFileType = sourcecode.cpp.h; path = stdlibs.hh; sourceTree = "<group>"; };
		CE21BEA122085E4B00AED03F /* toolset.hh */ = {isa = PBXFileReference; fileEncoding = 4; lastKnownFileType = sourcecode.cpp.h; path = toolset.hh; sourceTree = "<group>"; };
		CE21BEAB2208620300AED03F /* fsystem.cpp */ = {isa = PBXFileReference; fileEncoding = 4; lastKnownFileType = sourcecode.cpp.cpp; path = fsystem.cpp; sourceTree = "<group>"; };
		CE21BEAC2208620300AED03F /* fsystem_osx.cpp */ = {isa = PBXFileReference; fileEncoding = 4; lastKnownFileType = sourcecode.cpp.cpp; path = fsystem_osx.cpp; sourceTree = "<group>"; };
		CE21BEAD2208620300AED03F /* fsystem.hh */ = {isa = PBXFileReference; fileEncoding = 4; lastKnownFileType = sourcecode.cpp.h; path = fsystem.hh; sourceTree = "<group>"; };
		CE21BEB0220868B900AED03F /* print.cpp */ = {isa = PBXFileReference; fileEncoding = 4; lastKnownFileType = sourcecode.cpp.cpp; path = print.cpp; sourceTree = "<group>"; };
		CE21BEB1220868B900AED03F /* print.hh */ = {isa = PBXFileReference; fileEncoding = 4; lastKnownFileType = sourcecode.cpp.h; path = print.hh; sourceTree = "<group>"; };
		CE2B47E52348D6DB001816D8 /* dynamic_win32.cpp */ = {isa = PBXFileReference; fileEncoding = 4; lastKnownFileType = sourcecode.cpp.cpp; path = dynamic_win32.cpp; sourceTree = "<group>"; };
		CE2BF73121BFF1D10013614A /* EDITOR_CPP */ = {isa = PBXFileReference; explicitFileType = "compiled.mach-o.executable"; includeInIndex = 0; path = EDITOR_CPP; sourceTree = BUILT_PRODUCTS_DIR; };
		CE4B65D22347913F00C4FB1E /* fsystem_win32.cpp */ = {isa = PBXFileReference; fileEncoding = 4; lastKnownFileType = sourcecode.cpp.cpp; path = fsystem_win32.cpp; sourceTree = "<group>"; };
		CE844337220D5874008D3F79 /* unicode.cpp */ = {isa = PBXFileReference; fileEncoding = 4; lastKnownFileType = sourcecode.cpp.cpp; path = unicode.cpp; sourceTree = "<group>"; };
		CE844338220D5874008D3F79 /* unicode.hh */ = {isa = PBXFileReference; fileEncoding = 4; lastKnownFileType = sourcecode.cpp.h; path = unicode.hh; sourceTree = "<group>"; };
/* End PBXFileReference section */

/* Begin PBXFrameworksBuildPhase section */
		CE2BF72E21BFF1D10013614A /* Frameworks */ = {
			isa = PBXFrameworksBuildPhase;
			buildActionMask = 2147483647;
			files = (
			);
			runOnlyForDeploymentPostprocessing = 0;
		};
/* End PBXFrameworksBuildPhase section */

/* Begin PBXGroup section */
		B499A30E221E72500060165A /* codecount */ = {
			isa = PBXGroup;
			children = (
				B4B19636221EB6C7007D4146 /* codecount.cpp */,
				B4B19640221EB6C7007D4146 /* codecount.hh */,
				B499A30F221E72500060165A /* main.cpp */,
			);
			path = codecount;
			sourceTree = "<group>";
		};
		B4A1385621E30B98000218AF /* EDITOR_CPP */ = {
			isa = PBXGroup;
			children = (
				CE21BE9522085E4B00AED03F /* mainctrl.cpp */,
				B499A30E221E72500060165A /* codecount */,
				CE1BAAA9234871B900DAD494 /* demo */,
				CE21BE9722085E4B00AED03F /* toolset */,
			);
			name = EDITOR_CPP;
			path = ../EDITOR_CPP;
			sourceTree = "<group>";
		};
		CE1BAAA9234871B900DAD494 /* demo */ = {
			isa = PBXGroup;
			children = (
				CE1BAAAB234871B900DAD494 /* main.cpp */,
				CE1BAAAA234871B900DAD494 /* main.mm */,
			);
			path = demo;
			sourceTree = "<group>";
		};
		CE21BE9722085E4B00AED03F /* toolset */ = {
			isa = PBXGroup;
			children = (
				CE1BAAB62348A34B00DAD494 /* dynamic_osx.cpp */,
				CE2B47E52348D6DB001816D8 /* dynamic_win32.cpp */,
				CE1BAAB52348A34B00DAD494 /* dynamic.hh */,
				CE21BEAC2208620300AED03F /* fsystem_osx.cpp */,
				CE4B65D22347913F00C4FB1E /* fsystem_win32.cpp */,
				CE21BEAB2208620300AED03F /* fsystem.cpp */,
				CE21BEAD2208620300AED03F /* fsystem.hh */,
				CE21BEB0220868B900AED03F /* print.cpp */,
				CE21BEB1220868B900AED03F /* print.hh */,
				CE21BE9B22085E4B00AED03F /* stdlibs.cpp */,
				CE21BE9C22085E4B00AED03F /* stdlibs.hh */,
				CE21BEA122085E4B00AED03F /* toolset.hh */,
				CE844337220D5874008D3F79 /* unicode.cpp */,
				CE844338220D5874008D3F79 /* unicode.hh */,
			);
			path = toolset;
			sourceTree = "<group>";
		};
		CE2BF72821BFF1D10013614A = {
			isa = PBXGroup;
			children = (
				B4A1385621E30B98000218AF /* EDITOR_CPP */,
				CE2BF73221BFF1D10013614A /* Products */,
			);
			sourceTree = "<group>";
		};
		CE2BF73221BFF1D10013614A /* Products */ = {
			isa = PBXGroup;
			children = (
				CE2BF73121BFF1D10013614A /* EDITOR_CPP */,
			);
			name = Products;
			sourceTree = "<group>";
		};
/* End PBXGroup section */

/* Begin PBXNativeTarget section */
		CE2BF73021BFF1D10013614A /* EDITOR_CPP */ = {
			isa = PBXNativeTarget;
			buildConfigurationList = CE2BF73821BFF1D10013614A /* Build configuration list for PBXNativeTarget "EDITOR_CPP" */;
			buildPhases = (
				CE2BF72D21BFF1D10013614A /* Sources */,
				CE2BF72E21BFF1D10013614A /* Frameworks */,
				CE2BF72F21BFF1D10013614A /* CopyFiles */,
			);
			buildRules = (
			);
			dependencies = (
			);
			name = EDITOR_CPP;
			productName = "Editor-CPP-macOS";
			productReference = CE2BF73121BFF1D10013614A /* EDITOR_CPP */;
			productType = "com.apple.product-type.tool";
		};
/* End PBXNativeTarget section */

/* Begin PBXProject section */
		CE2BF72921BFF1D10013614A /* Project object */ = {
			isa = PBXProject;
			attributes = {
				LastUpgradeCheck = 1100;
				ORGANIZATIONNAME = wzsayiie;
				TargetAttributes = {
					CE2BF73021BFF1D10013614A = {
						CreatedOnToolsVersion = 10.1;
					};
				};
			};
			buildConfigurationList = CE2BF72C21BFF1D10013614A /* Build configuration list for PBXProject "EDITOR_CPP" */;
			compatibilityVersion = "Xcode 9.3";
			developmentRegion = en;
			hasScannedForEncodings = 0;
			knownRegions = (
				en,
				Base,
			);
			mainGroup = CE2BF72821BFF1D10013614A;
			productRefGroup = CE2BF73221BFF1D10013614A /* Products */;
			projectDirPath = "";
			projectRoot = "";
			targets = (
				CE2BF73021BFF1D10013614A /* EDITOR_CPP */,
			);
		};
/* End PBXProject section */

/* Begin PBXSourcesBuildPhase section */
		CE2BF72D21BFF1D10013614A /* Sources */ = {
			isa = PBXSourcesBuildPhase;
			buildActionMask = 2147483647;
			files = (
				B4B19642221EB6C7007D4146 /* codecount.cpp in Sources */,
				CE21BEAF2208620300AED03F /* fsystem_osx.cpp in Sources */,
				B499A310221E72510060165A /* main.cpp in Sources */,
				CE21BEB2220868B900AED03F /* print.cpp in Sources */,
				CE1BAAAD234871B900DAD494 /* main.cpp in Sources */,
				CE1BAAAC234871B900DAD494 /* main.mm in Sources */,
				CE844339220D5874008D3F79 /* unicode.cpp in Sources */,
				CE2B47E62348D6DB001816D8 /* dynamic_win32.cpp in Sources */,
				CE1BAAB82348A34B00DAD494 /* dynamic_osx.cpp in Sources */,
				CE21BEAE2208620300AED03F /* fsystem.cpp in Sources */,
				CE4B65D32347913F00C4FB1E /* fsystem_win32.cpp in Sources */,
				CE21BEA322085E4B00AED03F /* mainctrl.cpp in Sources */,
				CE21BEA622085E4B00AED03F /* stdlibs.cpp in Sources */,
			);
			runOnlyForDeploymentPostprocessing = 0;
		};
/* End PBXSourcesBuildPhase section */

/* Begin XCBuildConfiguration section */
		CE2BF73621BFF1D10013614A /* Debug */ = {
			isa = XCBuildConfiguration;
			buildSettings = {
				CLANG_ANALYZER_NONNULL = YES;
				CLANG_ANALYZER_NUMBER_OBJECT_CONVERSION = YES_AGGRESSIVE;
				CLANG_CXX_LANGUAGE_STANDARD = "gnu++14";
				CLANG_CXX_LIBRARY = "libc++";
				CLANG_ENABLE_MODULES = YES;
				CLANG_ENABLE_OBJC_ARC = YES;
				CLANG_ENABLE_OBJC_WEAK = YES;
				CLANG_WARN_BLOCK_CAPTURE_AUTORELEASING = YES;
				CLANG_WARN_BOOL_CONVERSION = YES;
				CLANG_WARN_COMMA = YES;
				CLANG_WARN_CONSTANT_CONVERSION = YES;
				CLANG_WARN_DEPRECATED_OBJC_IMPLEMENTATIONS = YES;
				CLANG_WARN_DIRECT_OBJC_ISA_USAGE = YES_ERROR;
				CLANG_WARN_DOCUMENTATION_COMMENTS = YES;
				CLANG_WARN_EMPTY_BODY = YES;
				CLANG_WARN_ENUM_CONVERSION = YES;
				CLANG_WARN_INFINITE_RECURSION = YES;
				CLANG_WARN_INT_CONVERSION = YES;
				CLANG_WARN_NON_LITERAL_NULL_CONVERSION = YES;
				CLANG_WARN_OBJC_IMPLICIT_RETAIN_SELF = YES;
				CLANG_WARN_OBJC_LITERAL_CONVERSION = YES;
				CLANG_WARN_OBJC_ROOT_CLASS = YES_ERROR;
				CLANG_WARN_RANGE_LOOP_ANALYSIS = YES;
				CLANG_WARN_STRICT_PROTOTYPES = YES;
				CLANG_WARN_SUSPICIOUS_MOVE = YES;
				CLANG_WARN_UNGUARDED_AVAILABILITY = YES_AGGRESSIVE;
				CLANG_WARN_UNREACHABLE_CODE = YES;
				CLANG_WARN__DUPLICATE_METHOD_MATCH = YES;
				CODE_SIGN_IDENTITY = "-";
				COPY_PHASE_STRIP = NO;
				DEBUG_INFORMATION_FORMAT = dwarf;
				ENABLE_STRICT_OBJC_MSGSEND = YES;
				ENABLE_TESTABILITY = YES;
				GCC_C_LANGUAGE_STANDARD = gnu11;
				GCC_DYNAMIC_NO_PIC = NO;
				GCC_NO_COMMON_BLOCKS = YES;
				GCC_OPTIMIZATION_LEVEL = 0;
				GCC_PREPROCESSOR_DEFINITIONS = (
					"DEBUG=1",
					"$(inherited)",
				);
				GCC_WARN_64_TO_32_BIT_CONVERSION = YES;
				GCC_WARN_ABOUT_RETURN_TYPE = YES_ERROR;
				GCC_WARN_UNDECLARED_SELECTOR = YES;
				GCC_WARN_UNINITIALIZED_AUTOS = YES_AGGRESSIVE;
				GCC_WARN_UNUSED_FUNCTION = YES;
				GCC_WARN_UNUSED_VARIABLE = YES;
				MACOSX_DEPLOYMENT_TARGET = 10.14;
				MTL_ENABLE_DEBUG_INFO = INCLUDE_SOURCE;
				MTL_FAST_MATH = YES;
				ONLY_ACTIVE_ARCH = YES;
			};
			name = Debug;
		};
		CE2BF73721BFF1D10013614A /* Release */ = {
			isa = XCBuildConfiguration;
			buildSettings = {
				CLANG_ANALYZER_NONNULL = YES;
				CLANG_ANALYZER_NUMBER_OBJECT_CONVERSION = YES_AGGRESSIVE;
				CLANG_CXX_LANGUAGE_STANDARD = "gnu++14";
				CLANG_CXX_LIBRARY = "libc++";
				CLANG_ENABLE_MODULES = YES;
				CLANG_ENABLE_OBJC_ARC = YES;
				CLANG_ENABLE_OBJC_WEAK = YES;
				CLANG_WARN_BLOCK_CAPTURE_AUTORELEASING = YES;
				CLANG_WARN_BOOL_CONVERSION = YES;
				CLANG_WARN_COMMA = YES;
				CLANG_WARN_CONSTANT_CONVERSION = YES;
				CLANG_WARN_DEPRECATED_OBJC_IMPLEMENTATIONS = YES;
				CLANG_WARN_DIRECT_OBJC_ISA_USAGE = YES_ERROR;
				CLANG_WARN_DOCUMENTATION_COMMENTS = YES;
				CLANG_WARN_EMPTY_BODY = YES;
				CLANG_WARN_ENUM_CONVERSION = YES;
				CLANG_WARN_INFINITE_RECURSION = YES;
				CLANG_WARN_INT_CONVERSION = YES;
				CLANG_WARN_NON_LITERAL_NULL_CONVERSION = YES;
				CLANG_WARN_OBJC_IMPLICIT_RETAIN_SELF = YES;
				CLANG_WARN_OBJC_LITERAL_CONVERSION = YES;
				CLANG_WARN_OBJC_ROOT_CLASS = YES_ERROR;
				CLANG_WARN_RANGE_LOOP_ANALYSIS = YES;
				CLANG_WARN_STRICT_PROTOTYPES = YES;
				CLANG_WARN_SUSPICIOUS_MOVE = YES;
				CLANG_WARN_UNGUARDED_AVAILABILITY = YES_AGGRESSIVE;
				CLANG_WARN_UNREACHABLE_CODE = YES;
				CLANG_WARN__DUPLICATE_METHOD_MATCH = YES;
				CODE_SIGN_IDENTITY = "-";
				COPY_PHASE_STRIP = NO;
				DEBUG_INFORMATION_FORMAT = "dwarf-with-dsym";
				ENABLE_NS_ASSERTIONS = NO;
				ENABLE_STRICT_OBJC_MSGSEND = YES;
				GCC_C_LANGUAGE_STANDARD = gnu11;
				GCC_NO_COMMON_BLOCKS = YES;
				GCC_WARN_64_TO_32_BIT_CONVERSION = YES;
				GCC_WARN_ABOUT_RETURN_TYPE = YES_ERROR;
				GCC_WARN_UNDECLARED_SELECTOR = YES;
				GCC_WARN_UNINITIALIZED_AUTOS = YES_AGGRESSIVE;
				GCC_WARN_UNUSED_FUNCTION = YES;
				GCC_WARN_UNUSED_VARIABLE = YES;
				MACOSX_DEPLOYMENT_TARGET = 10.14;
				MTL_ENABLE_DEBUG_INFO = NO;
				MTL_FAST_MATH = YES;
			};
			name = Release;
		};
		CE2BF73921BFF1D10013614A /* Debug */ = {
			isa = XCBuildConfiguration;
			buildSettings = {
				CODE_SIGN_IDENTITY = "-";
				CODE_SIGN_STYLE = Automatic;
				HEADER_SEARCH_PATHS = "$(SRCROOT)/../EDITOR_CPP/toolset";
				PRODUCT_NAME = "$(TARGET_NAME)";
			};
			name = Debug;
		};
		CE2BF73A21BFF1D10013614A /* Release */ = {
			isa = XCBuildConfiguration;
			buildSettings = {
				CODE_SIGN_IDENTITY = "-";
				CODE_SIGN_STYLE = Automatic;
				HEADER_SEARCH_PATHS = "$(SRCROOT)/../EDITOR_CPP/toolset";
				PRODUCT_NAME = "$(TARGET_NAME)";
			};
			name = Release;
		};
/* End XCBuildConfiguration section */

/* Begin XCConfigurationList section */
		CE2BF72C21BFF1D10013614A /* Build configuration list for PBXProject "EDITOR_CPP" */ = {
			isa = XCConfigurationList;
			buildConfigurations = (
				CE2BF73621BFF1D10013614A /* Debug */,
				CE2BF73721BFF1D10013614A /* Release */,
			);
			defaultConfigurationIsVisible = 0;
			defaultConfigurationName = Release;
		};
		CE2BF73821BFF1D10013614A /* Build configuration list for PBXNativeTarget "EDITOR_CPP" */ = {
			isa = XCConfigurationList;
			buildConfigurations = (
				CE2BF73921BFF1D10013614A /* Debug */,
				CE2BF73A21BFF1D10013614A /* Release */,
			);
			defaultConfigurationIsVisible = 0;
			defaultConfigurationName = Release;
		};
/* End XCConfigurationList section */
	};
	rootObject = CE2BF72921BFF1D10013614A /* Project object */;
}
