// !$*UTF8*$!
{
	archiveVersion = 1;
	classes = {
	};
	objectVersion = 50;
	objects = {

/* Begin PBXBuildFile section */
		B41806AD2269B6CC00C0F6F0 /* CQSubsystemViewController.m in Sources */ = {isa = PBXBuildFile; fileRef = B41806AB2269B6CC00C0F6F0 /* CQSubsystemViewController.m */; };
		B42505AE226744B10035F91A /* CQDefaultSubsystemController.m in Sources */ = {isa = PBXBuildFile; fileRef = B42505A1226744B10035F91A /* CQDefaultSubsystemController.m */; };
		B42505AF226744B10035F91A /* CQSubsystemManager.m in Sources */ = {isa = PBXBuildFile; fileRef = B42505A2226744B10035F91A /* CQSubsystemManager.m */; };
		B42505B0226744B10035F91A /* cqsubsystemarche.cpp in Sources */ = {isa = PBXBuildFile; fileRef = B42505A6226744B10035F91A /* cqsubsystemarche.cpp */; };
		B42505B1226744B10035F91A /* cqluasubsystem.cpp in Sources */ = {isa = PBXBuildFile; fileRef = B42505AA226744B10035F91A /* cqluasubsystem.cpp */; };
		B42505B2226744B10035F91A /* cqsubsystem.cpp in Sources */ = {isa = PBXBuildFile; fileRef = B42505AC226744B10035F91A /* cqsubsystem.cpp */; };
		B439E57C2266CC7500B66285 /* cqcppbasis.cpp in Sources */ = {isa = PBXBuildFile; fileRef = B439E5702266CC7500B66285 /* cqcppbasis.cpp */; };
		B439E57D2266CC7500B66285 /* cqluaruntime.cpp in Sources */ = {isa = PBXBuildFile; fileRef = B439E5742266CC7500B66285 /* cqluaruntime.cpp */; };
		B439E57E2266CC7500B66285 /* cqluaapi.cpp in Sources */ = {isa = PBXBuildFile; fileRef = B439E5762266CC7500B66285 /* cqluaapi.cpp */; };
		B439E57F2266CC7500B66285 /* cqcbasis.cpp in Sources */ = {isa = PBXBuildFile; fileRef = B439E57A2266CC7500B66285 /* cqcbasis.cpp */; };
		B439E5902266CCDE00B66285 /* CQLog.m in Sources */ = {isa = PBXBuildFile; fileRef = B439E5832266CCDE00B66285 /* CQLog.m */; };
		B439E5912266CCDE00B66285 /* cqfoundationarche.cpp in Sources */ = {isa = PBXBuildFile; fileRef = B439E5862266CCDE00B66285 /* cqfoundationarche.cpp */; };
		B439E5922266CCDE00B66285 /* cqluafoundation.cpp in Sources */ = {isa = PBXBuildFile; fileRef = B439E5892266CCDE00B66285 /* cqluafoundation.cpp */; };
		B439E5932266CCDE00B66285 /* cqlog.cpp in Sources */ = {isa = PBXBuildFile; fileRef = B439E58E2266CCDE00B66285 /* cqlog.cpp */; };
/* End PBXBuildFile section */

/* Begin PBXCopyFilesBuildPhase section */
		CE219ADD21DA51FD006A27B6 /* CopyFiles */ = {
			isa = PBXCopyFilesBuildPhase;
			buildActionMask = 2147483647;
			dstPath = "include/$(PRODUCT_NAME)";
			dstSubfolderSpec = 16;
			files = (
			);
			runOnlyForDeploymentPostprocessing = 0;
		};
/* End PBXCopyFilesBuildPhase section */

/* Begin PBXFileReference section */
		B41806AB2269B6CC00C0F6F0 /* CQSubsystemViewController.m */ = {isa = PBXFileReference; fileEncoding = 4; lastKnownFileType = sourcecode.c.objc; path = CQSubsystemViewController.m; sourceTree = "<group>"; };
		B41806AC2269B6CC00C0F6F0 /* CQSubsystemViewController.h */ = {isa = PBXFileReference; fileEncoding = 4; lastKnownFileType = sourcecode.c.h; path = CQSubsystemViewController.h; sourceTree = "<group>"; };
		B425059F226744B10035F91A /* CQDefaultSubsystemController.h */ = {isa = PBXFileReference; fileEncoding = 4; lastKnownFileType = sourcecode.c.h; path = CQDefaultSubsystemController.h; sourceTree = "<group>"; };
		B42505A0226744B10035F91A /* CQSubsystemManager.h */ = {isa = PBXFileReference; fileEncoding = 4; lastKnownFileType = sourcecode.c.h; path = CQSubsystemManager.h; sourceTree = "<group>"; };
		B42505A1226744B10035F91A /* CQDefaultSubsystemController.m */ = {isa = PBXFileReference; fileEncoding = 4; lastKnownFileType = sourcecode.c.objc; path = CQDefaultSubsystemController.m; sourceTree = "<group>"; };
		B42505A2226744B10035F91A /* CQSubsystemManager.m */ = {isa = PBXFileReference; fileEncoding = 4; lastKnownFileType = sourcecode.c.objc; path = CQSubsystemManager.m; sourceTree = "<group>"; };
		B42505A5226744B10035F91A /* cqsubsystemarche.h */ = {isa = PBXFileReference; fileEncoding = 4; lastKnownFileType = sourcecode.c.h; path = cqsubsystemarche.h; sourceTree = "<group>"; };
		B42505A6226744B10035F91A /* cqsubsystemarche.cpp */ = {isa = PBXFileReference; fileEncoding = 4; lastKnownFileType = sourcecode.cpp.cpp; path = cqsubsystemarche.cpp; sourceTree = "<group>"; };
		B42505A8226744B10035F91A /* cqluasubsystem_lua.h */ = {isa = PBXFileReference; fileEncoding = 4; lastKnownFileType = sourcecode.c.h; path = cqluasubsystem_lua.h; sourceTree = "<group>"; };
		B42505A9226744B10035F91A /* cqluasubsystem.h */ = {isa = PBXFileReference; fileEncoding = 4; lastKnownFileType = sourcecode.c.h; path = cqluasubsystem.h; sourceTree = "<group>"; };
		B42505AA226744B10035F91A /* cqluasubsystem.cpp */ = {isa = PBXFileReference; fileEncoding = 4; lastKnownFileType = sourcecode.cpp.cpp; path = cqluasubsystem.cpp; sourceTree = "<group>"; };
		B42505AC226744B10035F91A /* cqsubsystem.cpp */ = {isa = PBXFileReference; fileEncoding = 4; lastKnownFileType = sourcecode.cpp.cpp; path = cqsubsystem.cpp; sourceTree = "<group>"; };
		B42505AD226744B10035F91A /* cqsubsystem.hh */ = {isa = PBXFileReference; fileEncoding = 4; lastKnownFileType = sourcecode.cpp.h; path = cqsubsystem.hh; sourceTree = "<group>"; };
		B439E5702266CC7500B66285 /* cqcppbasis.cpp */ = {isa = PBXFileReference; fileEncoding = 4; lastKnownFileType = sourcecode.cpp.cpp; path = cqcppbasis.cpp; sourceTree = "<group>"; };
		B439E5712266CC7500B66285 /* cqcppbasis.hh */ = {isa = PBXFileReference; fileEncoding = 4; lastKnownFileType = sourcecode.cpp.h; path = cqcppbasis.hh; sourceTree = "<group>"; };
		B439E5732266CC7500B66285 /* cqluaapi.h */ = {isa = PBXFileReference; fileEncoding = 4; lastKnownFileType = sourcecode.c.h; path = cqluaapi.h; sourceTree = "<group>"; };
		B439E5742266CC7500B66285 /* cqluaruntime.cpp */ = {isa = PBXFileReference; fileEncoding = 4; lastKnownFileType = sourcecode.cpp.cpp; path = cqluaruntime.cpp; sourceTree = "<group>"; };
		B439E5752266CC7500B66285 /* cqluaruntime_lua.h */ = {isa = PBXFileReference; fileEncoding = 4; lastKnownFileType = sourcecode.c.h; path = cqluaruntime_lua.h; sourceTree = "<group>"; };
		B439E5762266CC7500B66285 /* cqluaapi.cpp */ = {isa = PBXFileReference; fileEncoding = 4; lastKnownFileType = sourcecode.cpp.cpp; path = cqluaapi.cpp; sourceTree = "<group>"; };
		B439E5772266CC7500B66285 /* cqluaruntime.h */ = {isa = PBXFileReference; fileEncoding = 4; lastKnownFileType = sourcecode.c.h; path = cqluaruntime.h; sourceTree = "<group>"; };
		B439E5782266CC7500B66285 /* cqluabasis.h */ = {isa = PBXFileReference; fileEncoding = 4; lastKnownFileType = sourcecode.c.h; path = cqluabasis.h; sourceTree = "<group>"; };
		B439E57A2266CC7500B66285 /* cqcbasis.cpp */ = {isa = PBXFileReference; fileEncoding = 4; lastKnownFileType = sourcecode.cpp.cpp; path = cqcbasis.cpp; sourceTree = "<group>"; };
		B439E57B2266CC7500B66285 /* cqcbasis.h */ = {isa = PBXFileReference; fileEncoding = 4; lastKnownFileType = sourcecode.c.h; path = cqcbasis.h; sourceTree = "<group>"; };
		B439E5812266CCDE00B66285 /* CQFoundation.h */ = {isa = PBXFileReference; fileEncoding = 4; lastKnownFileType = sourcecode.c.h; path = CQFoundation.h; sourceTree = "<group>"; };
		B439E5822266CCDE00B66285 /* CQLog.h */ = {isa = PBXFileReference; fileEncoding = 4; lastKnownFileType = sourcecode.c.h; path = CQLog.h; sourceTree = "<group>"; };
		B439E5832266CCDE00B66285 /* CQLog.m */ = {isa = PBXFileReference; fileEncoding = 4; lastKnownFileType = sourcecode.c.objc; path = CQLog.m; sourceTree = "<group>"; };
		B439E5862266CCDE00B66285 /* cqfoundationarche.cpp */ = {isa = PBXFileReference; fileEncoding = 4; lastKnownFileType = sourcecode.cpp.cpp; path = cqfoundationarche.cpp; sourceTree = "<group>"; };
		B439E5872266CCDE00B66285 /* cqfoundationarche.h */ = {isa = PBXFileReference; fileEncoding = 4; lastKnownFileType = sourcecode.c.h; path = cqfoundationarche.h; sourceTree = "<group>"; };
		B439E5892266CCDE00B66285 /* cqluafoundation.cpp */ = {isa = PBXFileReference; fileEncoding = 4; lastKnownFileType = sourcecode.cpp.cpp; path = cqluafoundation.cpp; sourceTree = "<group>"; };
		B439E58A2266CCDE00B66285 /* cqluafoundation.h */ = {isa = PBXFileReference; fileEncoding = 4; lastKnownFileType = sourcecode.c.h; path = cqluafoundation.h; sourceTree = "<group>"; };
		B439E58B2266CCDE00B66285 /* cqluafoundation_lua.h */ = {isa = PBXFileReference; fileEncoding = 4; lastKnownFileType = sourcecode.c.h; path = cqluafoundation_lua.h; sourceTree = "<group>"; };
		B439E58D2266CCDE00B66285 /* cqfoundation.hh */ = {isa = PBXFileReference; fileEncoding = 4; lastKnownFileType = sourcecode.cpp.h; path = cqfoundation.hh; sourceTree = "<group>"; };
		B439E58E2266CCDE00B66285 /* cqlog.cpp */ = {isa = PBXFileReference; fileEncoding = 4; lastKnownFileType = sourcecode.cpp.cpp; path = cqlog.cpp; sourceTree = "<group>"; };
		B439E58F2266CCDE00B66285 /* cqlog.hh */ = {isa = PBXFileReference; fileEncoding = 4; lastKnownFileType = sourcecode.cpp.h; path = cqlog.hh; sourceTree = "<group>"; };
		B4A2A2132268723E00D3D800 /* CQSubsystem.h */ = {isa = PBXFileReference; fileEncoding = 4; lastKnownFileType = sourcecode.c.h; path = CQSubsystem.h; sourceTree = "<group>"; };
		CE219ADF21DA51FD006A27B6 /* libLibrary.a */ = {isa = PBXFileReference; explicitFileType = archive.ar; includeInIndex = 0; path = libLibrary.a; sourceTree = BUILT_PRODUCTS_DIR; };
/* End PBXFileReference section */

/* Begin PBXFrameworksBuildPhase section */
		CE219ADC21DA51FD006A27B6 /* Frameworks */ = {
			isa = PBXFrameworksBuildPhase;
			buildActionMask = 2147483647;
			files = (
			);
			runOnlyForDeploymentPostprocessing = 0;
		};
/* End PBXFrameworksBuildPhase section */

/* Begin PBXGroup section */
		B425059D226744930035F91A /* Subsystem */ = {
			isa = PBXGroup;
			children = (
				B425059E226744B10035F91A /* Subsystem */,
				B42505A3226744B10035F91A /* libsubsystem */,
			);
			name = Subsystem;
			sourceTree = "<group>";
		};
		B425059E226744B10035F91A /* Subsystem */ = {
			isa = PBXGroup;
			children = (
				B425059F226744B10035F91A /* CQDefaultSubsystemController.h */,
				B42505A1226744B10035F91A /* CQDefaultSubsystemController.m */,
				B4A2A2132268723E00D3D800 /* CQSubsystem.h */,
				B42505A0226744B10035F91A /* CQSubsystemManager.h */,
				B42505A2226744B10035F91A /* CQSubsystemManager.m */,
				B41806AC2269B6CC00C0F6F0 /* CQSubsystemViewController.h */,
				B41806AB2269B6CC00C0F6F0 /* CQSubsystemViewController.m */,
			);
			name = Subsystem;
			path = ../library/subsystem/Subsystem;
			sourceTree = "<group>";
		};
		B42505A3226744B10035F91A /* libsubsystem */ = {
			isa = PBXGroup;
			children = (
				B42505A4226744B10035F91A /* archetype */,
				B42505AB226744B10035F91A /* cppsubsystem */,
				B42505A7226744B10035F91A /* luasubsystem */,
			);
			name = libsubsystem;
			path = ../library/subsystem/libsubsystem;
			sourceTree = "<group>";
		};
		B42505A4226744B10035F91A /* archetype */ = {
			isa = PBXGroup;
			children = (
				B42505A5226744B10035F91A /* cqsubsystemarche.h */,
				B42505A6226744B10035F91A /* cqsubsystemarche.cpp */,
			);
			path = archetype;
			sourceTree = "<group>";
		};
		B42505A7226744B10035F91A /* luasubsystem */ = {
			isa = PBXGroup;
			children = (
				B42505A9226744B10035F91A /* cqluasubsystem.h */,
				B42505A8226744B10035F91A /* cqluasubsystem_lua.h */,
				B42505AA226744B10035F91A /* cqluasubsystem.cpp */,
			);
			path = luasubsystem;
			sourceTree = "<group>";
		};
		B42505AB226744B10035F91A /* cppsubsystem */ = {
			isa = PBXGroup;
			children = (
				B42505AD226744B10035F91A /* cqsubsystem.hh */,
				B42505AC226744B10035F91A /* cqsubsystem.cpp */,
			);
			path = cppsubsystem;
			sourceTree = "<group>";
		};
		B439E56C2266CC4E00B66285 /* BASIS */ = {
			isa = PBXGroup;
			children = (
				B439E56E2266CC7500B66285 /* libbasis */,
			);
			name = BASIS;
			sourceTree = "<group>";
		};
		B439E56D2266CC5A00B66285 /* Foundation */ = {
			isa = PBXGroup;
			children = (
				B439E5802266CCDE00B66285 /* Foundation */,
				B439E5842266CCDE00B66285 /* libfoundation */,
			);
			name = Foundation;
			sourceTree = "<group>";
		};
		B439E56E2266CC7500B66285 /* libbasis */ = {
			isa = PBXGroup;
			children = (
				B439E5792266CC7500B66285 /* cbasis */,
				B439E56F2266CC7500B66285 /* cppbasis */,
				B439E5722266CC7500B66285 /* luabasis */,
			);
			name = libbasis;
			path = ../library/BASIS/libbasis;
			sourceTree = "<group>";
		};
		B439E56F2266CC7500B66285 /* cppbasis */ = {
			isa = PBXGroup;
			children = (
				B439E5712266CC7500B66285 /* cqcppbasis.hh */,
				B439E5702266CC7500B66285 /* cqcppbasis.cpp */,
			);
			path = cppbasis;
			sourceTree = "<group>";
		};
		B439E5722266CC7500B66285 /* luabasis */ = {
			isa = PBXGroup;
			children = (
				B439E5782266CC7500B66285 /* cqluabasis.h */,
				B439E5732266CC7500B66285 /* cqluaapi.h */,
				B439E5762266CC7500B66285 /* cqluaapi.cpp */,
				B439E5772266CC7500B66285 /* cqluaruntime.h */,
				B439E5752266CC7500B66285 /* cqluaruntime_lua.h */,
				B439E5742266CC7500B66285 /* cqluaruntime.cpp */,
			);
			path = luabasis;
			sourceTree = "<group>";
		};
		B439E5792266CC7500B66285 /* cbasis */ = {
			isa = PBXGroup;
			children = (
				B439E57B2266CC7500B66285 /* cqcbasis.h */,
				B439E57A2266CC7500B66285 /* cqcbasis.cpp */,
			);
			path = cbasis;
			sourceTree = "<group>";
		};
		B439E5802266CCDE00B66285 /* Foundation */ = {
			isa = PBXGroup;
			children = (
				B439E5812266CCDE00B66285 /* CQFoundation.h */,
				B439E5822266CCDE00B66285 /* CQLog.h */,
				B439E5832266CCDE00B66285 /* CQLog.m */,
			);
			name = Foundation;
			path = ../library/foundation/Foundation;
			sourceTree = "<group>";
		};
		B439E5842266CCDE00B66285 /* libfoundation */ = {
			isa = PBXGroup;
			children = (
				B439E5852266CCDE00B66285 /* archetype */,
				B439E58C2266CCDE00B66285 /* cppfoundation */,
				B439E5882266CCDE00B66285 /* luafoundation */,
			);
			name = libfoundation;
			path = ../library/foundation/libfoundation;
			sourceTree = "<group>";
		};
		B439E5852266CCDE00B66285 /* archetype */ = {
			isa = PBXGroup;
			children = (
				B439E5872266CCDE00B66285 /* cqfoundationarche.h */,
				B439E5862266CCDE00B66285 /* cqfoundationarche.cpp */,
			);
			path = archetype;
			sourceTree = "<group>";
		};
		B439E5882266CCDE00B66285 /* luafoundation */ = {
			isa = PBXGroup;
			children = (
				B439E58A2266CCDE00B66285 /* cqluafoundation.h */,
				B439E58B2266CCDE00B66285 /* cqluafoundation_lua.h */,
				B439E5892266CCDE00B66285 /* cqluafoundation.cpp */,
			);
			path = luafoundation;
			sourceTree = "<group>";
		};
		B439E58C2266CCDE00B66285 /* cppfoundation */ = {
			isa = PBXGroup;
			children = (
				B439E58D2266CCDE00B66285 /* cqfoundation.hh */,
				B439E58F2266CCDE00B66285 /* cqlog.hh */,
				B439E58E2266CCDE00B66285 /* cqlog.cpp */,
			);
			path = cppfoundation;
			sourceTree = "<group>";
		};
		CE219AD621DA51FD006A27B6 = {
			isa = PBXGroup;
			children = (
				B439E56C2266CC4E00B66285 /* BASIS */,
				B439E56D2266CC5A00B66285 /* Foundation */,
				B425059D226744930035F91A /* Subsystem */,
				CE219AE021DA51FD006A27B6 /* Products */,
			);
			sourceTree = "<group>";
		};
		CE219AE021DA51FD006A27B6 /* Products */ = {
			isa = PBXGroup;
			children = (
				CE219ADF21DA51FD006A27B6 /* libLibrary.a */,
			);
			name = Products;
			sourceTree = "<group>";
		};
/* End PBXGroup section */

/* Begin PBXNativeTarget section */
		CE219ADE21DA51FD006A27B6 /* Library */ = {
			isa = PBXNativeTarget;
			buildConfigurationList = CE219AE821DA51FD006A27B6 /* Build configuration list for PBXNativeTarget "Library" */;
			buildPhases = (
				CE219ADB21DA51FD006A27B6 /* Sources */,
				CE219ADC21DA51FD006A27B6 /* Frameworks */,
				CE219ADD21DA51FD006A27B6 /* CopyFiles */,
			);
			buildRules = (
			);
			dependencies = (
			);
			name = Library;
			productName = "Library-iOS";
			productReference = CE219ADF21DA51FD006A27B6 /* libLibrary.a */;
			productType = "com.apple.product-type.library.static";
		};
/* End PBXNativeTarget section */

/* Begin PBXProject section */
		CE219AD721DA51FD006A27B6 /* Project object */ = {
			isa = PBXProject;
			attributes = {
				LastUpgradeCheck = 1010;
				ORGANIZATIONNAME = wzsayiie;
				TargetAttributes = {
					CE219ADE21DA51FD006A27B6 = {
						CreatedOnToolsVersion = 10.1;
					};
				};
			};
			buildConfigurationList = CE219ADA21DA51FD006A27B6 /* Build configuration list for PBXProject "Library" */;
			compatibilityVersion = "Xcode 9.3";
			developmentRegion = en;
			hasScannedForEncodings = 0;
			knownRegions = (
				en,
				Base,
			);
			mainGroup = CE219AD621DA51FD006A27B6;
			productRefGroup = CE219AE021DA51FD006A27B6 /* Products */;
			projectDirPath = "";
			projectRoot = "";
			targets = (
				CE219ADE21DA51FD006A27B6 /* Library */,
			);
		};
/* End PBXProject section */

/* Begin PBXSourcesBuildPhase section */
		CE219ADB21DA51FD006A27B6 /* Sources */ = {
			isa = PBXSourcesBuildPhase;
			buildActionMask = 2147483647;
			files = (
				B42505B2226744B10035F91A /* cqsubsystem.cpp in Sources */,
				B42505B1226744B10035F91A /* cqluasubsystem.cpp in Sources */,
				B42505AE226744B10035F91A /* CQDefaultSubsystemController.m in Sources */,
				B439E5932266CCDE00B66285 /* cqlog.cpp in Sources */,
				B42505B0226744B10035F91A /* cqsubsystemarche.cpp in Sources */,
				B439E57C2266CC7500B66285 /* cqcppbasis.cpp in Sources */,
				B439E5922266CCDE00B66285 /* cqluafoundation.cpp in Sources */,
				B439E57D2266CC7500B66285 /* cqluaruntime.cpp in Sources */,
				B439E57F2266CC7500B66285 /* cqcbasis.cpp in Sources */,
				B439E5902266CCDE00B66285 /* CQLog.m in Sources */,
				B41806AD2269B6CC00C0F6F0 /* CQSubsystemViewController.m in Sources */,
				B42505AF226744B10035F91A /* CQSubsystemManager.m in Sources */,
				B439E5912266CCDE00B66285 /* cqfoundationarche.cpp in Sources */,
				B439E57E2266CC7500B66285 /* cqluaapi.cpp in Sources */,
			);
			runOnlyForDeploymentPostprocessing = 0;
		};
/* End PBXSourcesBuildPhase section */

/* Begin XCBuildConfiguration section */
		CE219AE621DA51FD006A27B6 /* Debug */ = {
			isa = XCBuildConfiguration;
			buildSettings = {
				ALWAYS_SEARCH_USER_PATHS = NO;
				CLANG_ANALYZER_NONNULL = YES;
				CLANG_ANALYZER_NUMBER_OBJECT_CONVERSION = YES_AGGRESSIVE;
				CLANG_CXX_LANGUAGE_STANDARD = "gnu++14";
				CLANG_CXX_LIBRARY = "libc++";
				CLANG_ENABLE_MODULES = YES;
				CLANG_ENABLE_OBJC_ARC = YES;
				CLANG_ENABLE_OBJC_WEAK = YES;
				CLANG_WARN_BLOCK_CAPTURE_AUTORELEASING = YES;
				CLANG_WARN_BOOL_CONVERSION = YES;
				CLANG_WARN_COMMA = YES;
				CLANG_WARN_CONSTANT_CONVERSION = YES;
				CLANG_WARN_DEPRECATED_OBJC_IMPLEMENTATIONS = YES;
				CLANG_WARN_DIRECT_OBJC_ISA_USAGE = YES_ERROR;
				CLANG_WARN_DOCUMENTATION_COMMENTS = YES;
				CLANG_WARN_EMPTY_BODY = YES;
				CLANG_WARN_ENUM_CONVERSION = YES;
				CLANG_WARN_INFINITE_RECURSION = YES;
				CLANG_WARN_INT_CONVERSION = YES;
				CLANG_WARN_NON_LITERAL_NULL_CONVERSION = YES;
				CLANG_WARN_OBJC_IMPLICIT_RETAIN_SELF = YES;
				CLANG_WARN_OBJC_LITERAL_CONVERSION = YES;
				CLANG_WARN_OBJC_ROOT_CLASS = YES_ERROR;
				CLANG_WARN_RANGE_LOOP_ANALYSIS = YES;
				CLANG_WARN_STRICT_PROTOTYPES = YES;
				CLANG_WARN_SUSPICIOUS_MOVE = YES;
				CLANG_WARN_UNGUARDED_AVAILABILITY = YES_AGGRESSIVE;
				CLANG_WARN_UNREACHABLE_CODE = YES;
				CLANG_WARN__DUPLICATE_METHOD_MATCH = YES;
				CODE_SIGN_IDENTITY = "iPhone Developer";
				COPY_PHASE_STRIP = NO;
				DEBUG_INFORMATION_FORMAT = dwarf;
				ENABLE_STRICT_OBJC_MSGSEND = YES;
				ENABLE_TESTABILITY = YES;
				GCC_C_LANGUAGE_STANDARD = gnu11;
				GCC_DYNAMIC_NO_PIC = NO;
				GCC_NO_COMMON_BLOCKS = YES;
				GCC_OPTIMIZATION_LEVEL = 0;
				GCC_PREPROCESSOR_DEFINITIONS = (
					"DEBUG=1",
					"$(inherited)",
				);
				GCC_WARN_64_TO_32_BIT_CONVERSION = YES;
				GCC_WARN_ABOUT_RETURN_TYPE = YES_ERROR;
				GCC_WARN_UNDECLARED_SELECTOR = YES;
				GCC_WARN_UNINITIALIZED_AUTOS = YES_AGGRESSIVE;
				GCC_WARN_UNUSED_FUNCTION = YES;
				GCC_WARN_UNUSED_VARIABLE = YES;
				IPHONEOS_DEPLOYMENT_TARGET = 10.0;
				MTL_ENABLE_DEBUG_INFO = INCLUDE_SOURCE;
				MTL_FAST_MATH = YES;
				ONLY_ACTIVE_ARCH = YES;
				SDKROOT = iphoneos;
			};
			name = Debug;
		};
		CE219AE721DA51FD006A27B6 /* Release */ = {
			isa = XCBuildConfiguration;
			buildSettings = {
				ALWAYS_SEARCH_USER_PATHS = NO;
				CLANG_ANALYZER_NONNULL = YES;
				CLANG_ANALYZER_NUMBER_OBJECT_CONVERSION = YES_AGGRESSIVE;
				CLANG_CXX_LANGUAGE_STANDARD = "gnu++14";
				CLANG_CXX_LIBRARY = "libc++";
				CLANG_ENABLE_MODULES = YES;
				CLANG_ENABLE_OBJC_ARC = YES;
				CLANG_ENABLE_OBJC_WEAK = YES;
				CLANG_WARN_BLOCK_CAPTURE_AUTORELEASING = YES;
				CLANG_WARN_BOOL_CONVERSION = YES;
				CLANG_WARN_COMMA = YES;
				CLANG_WARN_CONSTANT_CONVERSION = YES;
				CLANG_WARN_DEPRECATED_OBJC_IMPLEMENTATIONS = YES;
				CLANG_WARN_DIRECT_OBJC_ISA_USAGE = YES_ERROR;
				CLANG_WARN_DOCUMENTATION_COMMENTS = YES;
				CLANG_WARN_EMPTY_BODY = YES;
				CLANG_WARN_ENUM_CONVERSION = YES;
				CLANG_WARN_INFINITE_RECURSION = YES;
				CLANG_WARN_INT_CONVERSION = YES;
				CLANG_WARN_NON_LITERAL_NULL_CONVERSION = YES;
				CLANG_WARN_OBJC_IMPLICIT_RETAIN_SELF = YES;
				CLANG_WARN_OBJC_LITERAL_CONVERSION = YES;
				CLANG_WARN_OBJC_ROOT_CLASS = YES_ERROR;
				CLANG_WARN_RANGE_LOOP_ANALYSIS = YES;
				CLANG_WARN_STRICT_PROTOTYPES = YES;
				CLANG_WARN_SUSPICIOUS_MOVE = YES;
				CLANG_WARN_UNGUARDED_AVAILABILITY = YES_AGGRESSIVE;
				CLANG_WARN_UNREACHABLE_CODE = YES;
				CLANG_WARN__DUPLICATE_METHOD_MATCH = YES;
				CODE_SIGN_IDENTITY = "iPhone Developer";
				COPY_PHASE_STRIP = NO;
				DEBUG_INFORMATION_FORMAT = "dwarf-with-dsym";
				ENABLE_NS_ASSERTIONS = NO;
				ENABLE_STRICT_OBJC_MSGSEND = YES;
				GCC_C_LANGUAGE_STANDARD = gnu11;
				GCC_NO_COMMON_BLOCKS = YES;
				GCC_WARN_64_TO_32_BIT_CONVERSION = YES;
				GCC_WARN_ABOUT_RETURN_TYPE = YES_ERROR;
				GCC_WARN_UNDECLARED_SELECTOR = YES;
				GCC_WARN_UNINITIALIZED_AUTOS = YES_AGGRESSIVE;
				GCC_WARN_UNUSED_FUNCTION = YES;
				GCC_WARN_UNUSED_VARIABLE = YES;
				IPHONEOS_DEPLOYMENT_TARGET = 10.0;
				MTL_ENABLE_DEBUG_INFO = NO;
				MTL_FAST_MATH = YES;
				SDKROOT = iphoneos;
				VALIDATE_PRODUCT = YES;
			};
			name = Release;
		};
		CE219AE921DA51FD006A27B6 /* Debug */ = {
			isa = XCBuildConfiguration;
			buildSettings = {
				CODE_SIGN_STYLE = Automatic;
				HEADER_SEARCH_PATHS = (
					$SRCROOT/../GENERATED_HEADERS,
					$SRCROOT/../thirds_ios/includes,
				);
				OTHER_LDFLAGS = "-ObjC";
				PRODUCT_NAME = "$(TARGET_NAME)";
				SKIP_INSTALL = YES;
				TARGETED_DEVICE_FAMILY = "1,2";
			};
			name = Debug;
		};
		CE219AEA21DA51FD006A27B6 /* Release */ = {
			isa = XCBuildConfiguration;
			buildSettings = {
				CODE_SIGN_STYLE = Automatic;
				HEADER_SEARCH_PATHS = (
					$SRCROOT/../GENERATED_HEADERS,
					$SRCROOT/../thirds_ios/includes,
				);
				OTHER_LDFLAGS = "-ObjC";
				PRODUCT_NAME = "$(TARGET_NAME)";
				SKIP_INSTALL = YES;
				TARGETED_DEVICE_FAMILY = "1,2";
			};
			name = Release;
		};
/* End XCBuildConfiguration section */

/* Begin XCConfigurationList section */
		CE219ADA21DA51FD006A27B6 /* Build configuration list for PBXProject "Library" */ = {
			isa = XCConfigurationList;
			buildConfigurations = (
				CE219AE621DA51FD006A27B6 /* Debug */,
				CE219AE721DA51FD006A27B6 /* Release */,
			);
			defaultConfigurationIsVisible = 0;
			defaultConfigurationName = Release;
		};
		CE219AE821DA51FD006A27B6 /* Build configuration list for PBXNativeTarget "Library" */ = {
			isa = XCConfigurationList;
			buildConfigurations = (
				CE219AE921DA51FD006A27B6 /* Debug */,
				CE219AEA21DA51FD006A27B6 /* Release */,
			);
			defaultConfigurationIsVisible = 0;
			defaultConfigurationName = Release;
		};
/* End XCConfigurationList section */
	};
	rootObject = CE219AD721DA51FD006A27B6 /* Project object */;
}
