// !$*UTF8*$!
{
	archiveVersion = 1;
	classes = {
	};
	objectVersion = 50;
	objects = {

/* Begin PBXBuildFile section */
		CE59DB2A25330416004AA3C7 /* cqctoolintf.cpp in Sources */ = {isa = PBXBuildFile; fileRef = CE59DB2925330416004AA3C7 /* cqctoolintf.cpp */; };
		CE59DB2D2533042F004AA3C7 /* IMPL.cpp in Sources */ = {isa = PBXBuildFile; fileRef = CE59DB2C2533042F004AA3C7 /* IMPL.cpp */; };
		CE59DB322533044D004AA3C7 /* cqfoundationintf.cpp in Sources */ = {isa = PBXBuildFile; fileRef = CE59DB302533044D004AA3C7 /* cqfoundationintf.cpp */; };
		CE59DB3525330477004AA3C7 /* IMPL.m in Sources */ = {isa = PBXBuildFile; fileRef = CE59DB3425330477004AA3C7 /* IMPL.m */; };
		CE59DB3A25330498004AA3C7 /* cqsubsystemintf.cpp in Sources */ = {isa = PBXBuildFile; fileRef = CE59DB3825330498004AA3C7 /* cqsubsystemintf.cpp */; };
		CE59DB3D253304AC004AA3C7 /* IMPL.m in Sources */ = {isa = PBXBuildFile; fileRef = CE59DB3C253304AC004AA3C7 /* IMPL.m */; };
		CE6E74DC252CBCFA00CF1283 /* cqcbasis.cpp in Sources */ = {isa = PBXBuildFile; fileRef = CE6E74D4252CBCFA00CF1283 /* cqcbasis.cpp */; };
		CE6E74DD252CBCFA00CF1283 /* cqcppbasis.cpp in Sources */ = {isa = PBXBuildFile; fileRef = CE6E74D5252CBCFA00CF1283 /* cqcppbasis.cpp */; };
		CE6E74DE252CBCFA00CF1283 /* CQObjcBasis.m in Sources */ = {isa = PBXBuildFile; fileRef = CE6E74DB252CBCFA00CF1283 /* CQObjcBasis.m */; };
		CE6E74FD252CBD1F00CF1283 /* cqbase64.cpp in Sources */ = {isa = PBXBuildFile; fileRef = CE6E74E6252CBD1F00CF1283 /* cqbase64.cpp */; };
		CE6E74FE252CBD1F00CF1283 /* cqpathstring.cpp in Sources */ = {isa = PBXBuildFile; fileRef = CE6E74E9252CBD1F00CF1283 /* cqpathstring.cpp */; };
		CE6E74FF252CBD1F00CF1283 /* cqbus.cpp in Sources */ = {isa = PBXBuildFile; fileRef = CE6E74EA252CBD1F00CF1283 /* cqbus.cpp */; };
		CE6E7501252CBD1F00CF1283 /* cqdata.cpp in Sources */ = {isa = PBXBuildFile; fileRef = CE6E74ED252CBD1F00CF1283 /* cqdata.cpp */; };
		CE6E7502252CBD1F00CF1283 /* cqsocket.cpp in Sources */ = {isa = PBXBuildFile; fileRef = CE6E74F0252CBD1F00CF1283 /* cqsocket.cpp */; };
		CE6E7503252CBD1F00CF1283 /* cqvalue.cpp in Sources */ = {isa = PBXBuildFile; fileRef = CE6E74F4252CBD1F00CF1283 /* cqvalue.cpp */; };
		CE6E7504252CBD1F00CF1283 /* cqjson.cpp in Sources */ = {isa = PBXBuildFile; fileRef = CE6E74F6252CBD1F00CF1283 /* cqjson.cpp */; };
		CE6E7505252CBD1F00CF1283 /* cqdispatch.cpp in Sources */ = {isa = PBXBuildFile; fileRef = CE6E74F7252CBD1F00CF1283 /* cqdispatch.cpp */; };
		CE6E751F252CBD5800CF1283 /* cqfoundation.cpp in Sources */ = {isa = PBXBuildFile; fileRef = CE6E750D252CBD5800CF1283 /* cqfoundation.cpp */; };
		CE6E7521252CBD5800CF1283 /* CQThread.m in Sources */ = {isa = PBXBuildFile; fileRef = CE6E7511252CBD5800CF1283 /* CQThread.m */; };
		CE6E7522252CBD5800CF1283 /* CQFileManager.m in Sources */ = {isa = PBXBuildFile; fileRef = CE6E7514252CBD5800CF1283 /* CQFileManager.m */; };
		CE6E7523252CBD5800CF1283 /* CQHTTPSession.m in Sources */ = {isa = PBXBuildFile; fileRef = CE6E7517252CBD5800CF1283 /* CQHTTPSession.m */; };
		CE6E7524252CBD5800CF1283 /* CQRunLoop.m in Sources */ = {isa = PBXBuildFile; fileRef = CE6E7519252CBD5800CF1283 /* CQRunLoop.m */; };
		CE6E7525252CBD5800CF1283 /* CQLog.m in Sources */ = {isa = PBXBuildFile; fileRef = CE6E751B252CBD5800CF1283 /* CQLog.m */; };
		CE6E7526252CBD5800CF1283 /* CQBundle.m in Sources */ = {isa = PBXBuildFile; fileRef = CE6E751C252CBD5800CF1283 /* CQBundle.m */; };
		CE6E753F252CBD8000CF1283 /* cqsubsystem.cpp in Sources */ = {isa = PBXBuildFile; fileRef = CE6E7535252CBD8000CF1283 /* cqsubsystem.cpp */; };
		CE6E7540252CBD8000CF1283 /* CQSubsystemManager.m in Sources */ = {isa = PBXBuildFile; fileRef = CE6E7538252CBD8000CF1283 /* CQSubsystemManager.m */; };
		CE6E7542252CBD8000CF1283 /* CQSubsystemController.m in Sources */ = {isa = PBXBuildFile; fileRef = CE6E753D252CBD8000CF1283 /* CQSubsystemController.m */; };
/* End PBXBuildFile section */

/* Begin PBXCopyFilesBuildPhase section */
		CE219ADD21DA51FD006A27B6 /* CopyFiles */ = {
			isa = PBXCopyFilesBuildPhase;
			buildActionMask = 2147483647;
			dstPath = "include/$(PRODUCT_NAME)";
			dstSubfolderSpec = 16;
			files = (
			);
			runOnlyForDeploymentPostprocessing = 0;
		};
/* End PBXCopyFilesBuildPhase section */

/* Begin PBXFileReference section */
		CE219ADF21DA51FD006A27B6 /* libLibrary.a */ = {isa = PBXFileReference; explicitFileType = archive.ar; includeInIndex = 0; path = libLibrary.a; sourceTree = BUILT_PRODUCTS_DIR; };
		CE59DB2825330416004AA3C7 /* cqctoolintf.h */ = {isa = PBXFileReference; fileEncoding = 4; lastKnownFileType = sourcecode.c.h; path = cqctoolintf.h; sourceTree = "<group>"; };
		CE59DB2925330416004AA3C7 /* cqctoolintf.cpp */ = {isa = PBXFileReference; fileEncoding = 4; lastKnownFileType = sourcecode.cpp.cpp; path = cqctoolintf.cpp; sourceTree = "<group>"; };
		CE59DB2C2533042F004AA3C7 /* IMPL.cpp */ = {isa = PBXFileReference; fileEncoding = 4; lastKnownFileType = sourcecode.cpp.cpp; path = IMPL.cpp; sourceTree = "<group>"; };
		CE59DB302533044D004AA3C7 /* cqfoundationintf.cpp */ = {isa = PBXFileReference; fileEncoding = 4; lastKnownFileType = sourcecode.cpp.cpp; path = cqfoundationintf.cpp; sourceTree = "<group>"; };
		CE59DB312533044D004AA3C7 /* cqfoundationintf.h */ = {isa = PBXFileReference; fileEncoding = 4; lastKnownFileType = sourcecode.c.h; path = cqfoundationintf.h; sourceTree = "<group>"; };
		CE59DB3425330477004AA3C7 /* IMPL.m */ = {isa = PBXFileReference; fileEncoding = 4; lastKnownFileType = sourcecode.c.objc; path = IMPL.m; sourceTree = "<group>"; };
		CE59DB3825330498004AA3C7 /* cqsubsystemintf.cpp */ = {isa = PBXFileReference; fileEncoding = 4; lastKnownFileType = sourcecode.cpp.cpp; path = cqsubsystemintf.cpp; sourceTree = "<group>"; };
		CE59DB3925330498004AA3C7 /* cqsubsystemintf.h */ = {isa = PBXFileReference; fileEncoding = 4; lastKnownFileType = sourcecode.c.h; path = cqsubsystemintf.h; sourceTree = "<group>"; };
		CE59DB3C253304AC004AA3C7 /* IMPL.m */ = {isa = PBXFileReference; fileEncoding = 4; lastKnownFileType = sourcecode.c.objc; path = IMPL.m; sourceTree = "<group>"; };
		CE6E74D4252CBCFA00CF1283 /* cqcbasis.cpp */ = {isa = PBXFileReference; fileEncoding = 4; lastKnownFileType = sourcecode.cpp.cpp; path = cqcbasis.cpp; sourceTree = "<group>"; };
		CE6E74D5252CBCFA00CF1283 /* cqcppbasis.cpp */ = {isa = PBXFileReference; fileEncoding = 4; lastKnownFileType = sourcecode.cpp.cpp; path = cqcppbasis.cpp; sourceTree = "<group>"; };
		CE6E74D6252CBCFA00CF1283 /* cqcppbasis.hh */ = {isa = PBXFileReference; fileEncoding = 4; lastKnownFileType = sourcecode.cpp.h; path = cqcppbasis.hh; sourceTree = "<group>"; };
		CE6E74D7252CBCFA00CF1283 /* cqcbasis.h */ = {isa = PBXFileReference; fileEncoding = 4; lastKnownFileType = sourcecode.c.h; path = cqcbasis.h; sourceTree = "<group>"; };
		CE6E74D8252CBCFA00CF1283 /* _CQBASIS_VERSION.h */ = {isa = PBXFileReference; fileEncoding = 4; lastKnownFileType = sourcecode.c.h; name = _CQBASIS_VERSION.h; path = ../library/basis/_CQBASIS_VERSION.h; sourceTree = "<group>"; };
		CE6E74DA252CBCFA00CF1283 /* CQObjcBasis.h */ = {isa = PBXFileReference; fileEncoding = 4; lastKnownFileType = sourcecode.c.h; path = CQObjcBasis.h; sourceTree = "<group>"; };
		CE6E74DB252CBCFA00CF1283 /* CQObjcBasis.m */ = {isa = PBXFileReference; fileEncoding = 4; lastKnownFileType = sourcecode.c.objc; path = CQObjcBasis.m; sourceTree = "<group>"; };
		CE6E74E6252CBD1F00CF1283 /* cqbase64.cpp */ = {isa = PBXFileReference; fileEncoding = 4; lastKnownFileType = sourcecode.cpp.cpp; path = cqbase64.cpp; sourceTree = "<group>"; };
		CE6E74E7252CBD1F00CF1283 /* cqsocket_win32.hpp */ = {isa = PBXFileReference; fileEncoding = 4; lastKnownFileType = sourcecode.cpp.h; path = cqsocket_win32.hpp; sourceTree = "<group>"; };
		CE6E74E8252CBD1F00CF1283 /* cqsocket_posix.hpp */ = {isa = PBXFileReference; fileEncoding = 4; lastKnownFileType = sourcecode.cpp.h; path = cqsocket_posix.hpp; sourceTree = "<group>"; };
		CE6E74E9252CBD1F00CF1283 /* cqpathstring.cpp */ = {isa = PBXFileReference; fileEncoding = 4; lastKnownFileType = sourcecode.cpp.cpp; path = cqpathstring.cpp; sourceTree = "<group>"; };
		CE6E74EA252CBD1F00CF1283 /* cqbus.cpp */ = {isa = PBXFileReference; fileEncoding = 4; lastKnownFileType = sourcecode.cpp.cpp; path = cqbus.cpp; sourceTree = "<group>"; };
		CE6E74EC252CBD1F00CF1283 /* cqvalue.hh */ = {isa = PBXFileReference; fileEncoding = 4; lastKnownFileType = sourcecode.cpp.h; path = cqvalue.hh; sourceTree = "<group>"; };
		CE6E74ED252CBD1F00CF1283 /* cqdata.cpp */ = {isa = PBXFileReference; fileEncoding = 4; lastKnownFileType = sourcecode.cpp.cpp; path = cqdata.cpp; sourceTree = "<group>"; };
		CE6E74EE252CBD1F00CF1283 /* cqdata.hh */ = {isa = PBXFileReference; fileEncoding = 4; lastKnownFileType = sourcecode.cpp.h; path = cqdata.hh; sourceTree = "<group>"; };
		CE6E74EF252CBD1F00CF1283 /* cqsocket.hh */ = {isa = PBXFileReference; fileEncoding = 4; lastKnownFileType = sourcecode.cpp.h; path = cqsocket.hh; sourceTree = "<group>"; };
		CE6E74F0252CBD1F00CF1283 /* cqsocket.cpp */ = {isa = PBXFileReference; fileEncoding = 4; lastKnownFileType = sourcecode.cpp.cpp; path = cqsocket.cpp; sourceTree = "<group>"; };
		CE6E74F1252CBD1F00CF1283 /* cqjson.hh */ = {isa = PBXFileReference; fileEncoding = 4; lastKnownFileType = sourcecode.cpp.h; path = cqjson.hh; sourceTree = "<group>"; };
		CE6E74F2252CBD1F00CF1283 /* cqctool.hh */ = {isa = PBXFileReference; fileEncoding = 4; lastKnownFileType = sourcecode.cpp.h; path = cqctool.hh; sourceTree = "<group>"; };
		CE6E74F3252CBD1F00CF1283 /* cqbase64.hh */ = {isa = PBXFileReference; fileEncoding = 4; lastKnownFileType = sourcecode.cpp.h; path = cqbase64.hh; sourceTree = "<group>"; };
		CE6E74F4252CBD1F00CF1283 /* cqvalue.cpp */ = {isa = PBXFileReference; fileEncoding = 4; lastKnownFileType = sourcecode.cpp.cpp; path = cqvalue.cpp; sourceTree = "<group>"; };
		CE6E74F5252CBD1F00CF1283 /* cqpathstring.hh */ = {isa = PBXFileReference; fileEncoding = 4; lastKnownFileType = sourcecode.cpp.h; path = cqpathstring.hh; sourceTree = "<group>"; };
		CE6E74F6252CBD1F00CF1283 /* cqjson.cpp */ = {isa = PBXFileReference; fileEncoding = 4; lastKnownFileType = sourcecode.cpp.cpp; path = cqjson.cpp; sourceTree = "<group>"; };
		CE6E74F7252CBD1F00CF1283 /* cqdispatch.cpp */ = {isa = PBXFileReference; fileEncoding = 4; lastKnownFileType = sourcecode.cpp.cpp; path = cqdispatch.cpp; sourceTree = "<group>"; };
		CE6E74F8252CBD1F00CF1283 /* cqdispatch.hh */ = {isa = PBXFileReference; fileEncoding = 4; lastKnownFileType = sourcecode.cpp.h; path = cqdispatch.hh; sourceTree = "<group>"; };
		CE6E74F9252CBD1F00CF1283 /* cqbus.hh */ = {isa = PBXFileReference; fileEncoding = 4; lastKnownFileType = sourcecode.cpp.h; path = cqbus.hh; sourceTree = "<group>"; };
		CE6E74FA252CBD1F00CF1283 /* cqctoolbase.hh */ = {isa = PBXFileReference; fileEncoding = 4; lastKnownFileType = sourcecode.cpp.h; path = cqctoolbase.hh; sourceTree = "<group>"; };
		CE6E74FB252CBD1F00CF1283 /* _CQCTOOL_VERSION.h */ = {isa = PBXFileReference; fileEncoding = 4; lastKnownFileType = sourcecode.c.h; name = _CQCTOOL_VERSION.h; path = ../library/ctool/_CQCTOOL_VERSION.h; sourceTree = "<group>"; };
		CE6E750C252CBD5800CF1283 /* cqfoundation.hh */ = {isa = PBXFileReference; fileEncoding = 4; lastKnownFileType = sourcecode.cpp.h; path = cqfoundation.hh; sourceTree = "<group>"; };
		CE6E750D252CBD5800CF1283 /* cqfoundation.cpp */ = {isa = PBXFileReference; fileEncoding = 4; lastKnownFileType = sourcecode.cpp.cpp; path = cqfoundation.cpp; sourceTree = "<group>"; };
		CE6E7510252CBD5800CF1283 /* CQRunLoop.h */ = {isa = PBXFileReference; fileEncoding = 4; lastKnownFileType = sourcecode.c.h; path = CQRunLoop.h; sourceTree = "<group>"; };
		CE6E7511252CBD5800CF1283 /* CQThread.m */ = {isa = PBXFileReference; fileEncoding = 4; lastKnownFileType = sourcecode.c.objc; path = CQThread.m; sourceTree = "<group>"; };
		CE6E7512252CBD5800CF1283 /* CQHTTPSession.h */ = {isa = PBXFileReference; fileEncoding = 4; lastKnownFileType = sourcecode.c.h; path = CQHTTPSession.h; sourceTree = "<group>"; };
		CE6E7513252CBD5800CF1283 /* CQFoundation.h */ = {isa = PBXFileReference; fileEncoding = 4; lastKnownFileType = sourcecode.c.h; path = CQFoundation.h; sourceTree = "<group>"; };
		CE6E7514252CBD5800CF1283 /* CQFileManager.m */ = {isa = PBXFileReference; fileEncoding = 4; lastKnownFileType = sourcecode.c.objc; path = CQFileManager.m; sourceTree = "<group>"; };
		CE6E7515252CBD5800CF1283 /* CQBundle.h */ = {isa = PBXFileReference; fileEncoding = 4; lastKnownFileType = sourcecode.c.h; path = CQBundle.h; sourceTree = "<group>"; };
		CE6E7516252CBD5800CF1283 /* CQLog.h */ = {isa = PBXFileReference; fileEncoding = 4; lastKnownFileType = sourcecode.c.h; path = CQLog.h; sourceTree = "<group>"; };
		CE6E7517252CBD5800CF1283 /* CQHTTPSession.m */ = {isa = PBXFileReference; fileEncoding = 4; lastKnownFileType = sourcecode.c.objc; path = CQHTTPSession.m; sourceTree = "<group>"; };
		CE6E7518252CBD5800CF1283 /* CQThread.h */ = {isa = PBXFileReference; fileEncoding = 4; lastKnownFileType = sourcecode.c.h; path = CQThread.h; sourceTree = "<group>"; };
		CE6E7519252CBD5800CF1283 /* CQRunLoop.m */ = {isa = PBXFileReference; fileEncoding = 4; lastKnownFileType = sourcecode.c.objc; path = CQRunLoop.m; sourceTree = "<group>"; };
		CE6E751A252CBD5800CF1283 /* CQFileManager.h */ = {isa = PBXFileReference; fileEncoding = 4; lastKnownFileType = sourcecode.c.h; path = CQFileManager.h; sourceTree = "<group>"; };
		CE6E751B252CBD5800CF1283 /* CQLog.m */ = {isa = PBXFileReference; fileEncoding = 4; lastKnownFileType = sourcecode.c.objc; path = CQLog.m; sourceTree = "<group>"; };
		CE6E751C252CBD5800CF1283 /* CQBundle.m */ = {isa = PBXFileReference; fileEncoding = 4; lastKnownFileType = sourcecode.c.objc; path = CQBundle.m; sourceTree = "<group>"; };
		CE6E751D252CBD5800CF1283 /* _CQFOUNDATION_VERSION.h */ = {isa = PBXFileReference; fileEncoding = 4; lastKnownFileType = sourcecode.c.h; name = _CQFOUNDATION_VERSION.h; path = ../library/foundation/_CQFOUNDATION_VERSION.h; sourceTree = "<group>"; };
		CE6E7528252CBD8000CF1283 /* _CQSUBSYSTEM_VERSION.h */ = {isa = PBXFileReference; fileEncoding = 4; lastKnownFileType = sourcecode.c.h; name = _CQSUBSYSTEM_VERSION.h; path = ../library/subsystem/_CQSUBSYSTEM_VERSION.h; sourceTree = "<group>"; };
		CE6E7535252CBD8000CF1283 /* cqsubsystem.cpp */ = {isa = PBXFileReference; fileEncoding = 4; lastKnownFileType = sourcecode.cpp.cpp; path = cqsubsystem.cpp; sourceTree = "<group>"; };
		CE6E7536252CBD8000CF1283 /* cqsubsystem.hh */ = {isa = PBXFileReference; fileEncoding = 4; lastKnownFileType = sourcecode.cpp.h; path = cqsubsystem.hh; sourceTree = "<group>"; };
		CE6E7538252CBD8000CF1283 /* CQSubsystemManager.m */ = {isa = PBXFileReference; fileEncoding = 4; lastKnownFileType = sourcecode.c.objc; path = CQSubsystemManager.m; sourceTree = "<group>"; };
		CE6E753A252CBD8000CF1283 /* CQSubsystemController.h */ = {isa = PBXFileReference; fileEncoding = 4; lastKnownFileType = sourcecode.c.h; path = CQSubsystemController.h; sourceTree = "<group>"; };
		CE6E753B252CBD8000CF1283 /* CQSubsystem.h */ = {isa = PBXFileReference; fileEncoding = 4; lastKnownFileType = sourcecode.c.h; path = CQSubsystem.h; sourceTree = "<group>"; };
		CE6E753C252CBD8000CF1283 /* CQSubsystemManager.h */ = {isa = PBXFileReference; fileEncoding = 4; lastKnownFileType = sourcecode.c.h; path = CQSubsystemManager.h; sourceTree = "<group>"; };
		CE6E753D252CBD8000CF1283 /* CQSubsystemController.m */ = {isa = PBXFileReference; fileEncoding = 4; lastKnownFileType = sourcecode.c.objc; path = CQSubsystemController.m; sourceTree = "<group>"; };
/* End PBXFileReference section */

/* Begin PBXFrameworksBuildPhase section */
		CE219ADC21DA51FD006A27B6 /* Frameworks */ = {
			isa = PBXFrameworksBuildPhase;
			buildActionMask = 2147483647;
			files = (
			);
			runOnlyForDeploymentPostprocessing = 0;
		};
/* End PBXFrameworksBuildPhase section */

/* Begin PBXGroup section */
		B425059D226744930035F91A /* Subsystem */ = {
			isa = PBXGroup;
			children = (
				CE6E7528252CBD8000CF1283 /* _CQSUBSYSTEM_VERSION.h */,
				CE6E7530252CBD8000CF1283 /* subsystem */,
				CE6E7537252CBD8000CF1283 /* subsystem_ios */,
			);
			name = Subsystem;
			sourceTree = "<group>";
		};
		B439E56C2266CC4E00B66285 /* Basis */ = {
			isa = PBXGroup;
			children = (
				CE6E74D8252CBCFA00CF1283 /* _CQBASIS_VERSION.h */,
				CE6E74D3252CBCFA00CF1283 /* basis */,
				CE6E74D9252CBCFA00CF1283 /* basis_ios */,
			);
			name = Basis;
			sourceTree = "<group>";
		};
		B439E56D2266CC5A00B66285 /* Foundation */ = {
			isa = PBXGroup;
			children = (
				CE6E751D252CBD5800CF1283 /* _CQFOUNDATION_VERSION.h */,
				CE6E7507252CBD5800CF1283 /* foundation */,
				CE6E750E252CBD5800CF1283 /* foundation_ios */,
			);
			name = Foundation;
			sourceTree = "<group>";
		};
		B4C5026322C1B77C00374C6D /* CTool */ = {
			isa = PBXGroup;
			children = (
				CE6E74FB252CBD1F00CF1283 /* _CQCTOOL_VERSION.h */,
				CE6E74E1252CBD1F00CF1283 /* ctool */,
			);
			name = CTool;
			sourceTree = "<group>";
		};
		CE219AD621DA51FD006A27B6 = {
			isa = PBXGroup;
			children = (
				B439E56C2266CC4E00B66285 /* Basis */,
				B4C5026322C1B77C00374C6D /* CTool */,
				B439E56D2266CC5A00B66285 /* Foundation */,
				B425059D226744930035F91A /* Subsystem */,
				CE219AE021DA51FD006A27B6 /* Products */,
			);
			sourceTree = "<group>";
		};
		CE219AE021DA51FD006A27B6 /* Products */ = {
			isa = PBXGroup;
			children = (
				CE219ADF21DA51FD006A27B6 /* libLibrary.a */,
			);
			name = Products;
			sourceTree = "<group>";
		};
		CE59DB2725330416004AA3C7 /* intf */ = {
			isa = PBXGroup;
			children = (
				CE59DB2925330416004AA3C7 /* cqctoolintf.cpp */,
				CE59DB2825330416004AA3C7 /* cqctoolintf.h */,
			);
			path = intf;
			sourceTree = "<group>";
		};
		CE59DB2F2533044D004AA3C7 /* intf */ = {
			isa = PBXGroup;
			children = (
				CE59DB302533044D004AA3C7 /* cqfoundationintf.cpp */,
				CE59DB312533044D004AA3C7 /* cqfoundationintf.h */,
			);
			path = intf;
			sourceTree = "<group>";
		};
		CE59DB3725330498004AA3C7 /* intf */ = {
			isa = PBXGroup;
			children = (
				CE59DB3825330498004AA3C7 /* cqsubsystemintf.cpp */,
				CE59DB3925330498004AA3C7 /* cqsubsystemintf.h */,
			);
			path = intf;
			sourceTree = "<group>";
		};
		CE6E74D3252CBCFA00CF1283 /* basis */ = {
			isa = PBXGroup;
			children = (
				CE6E74D4252CBCFA00CF1283 /* cqcbasis.cpp */,
				CE6E74D7252CBCFA00CF1283 /* cqcbasis.h */,
				CE6E74D5252CBCFA00CF1283 /* cqcppbasis.cpp */,
				CE6E74D6252CBCFA00CF1283 /* cqcppbasis.hh */,
			);
			name = basis;
			path = ../library/basis/basis;
			sourceTree = "<group>";
		};
		CE6E74D9252CBCFA00CF1283 /* basis_ios */ = {
			isa = PBXGroup;
			children = (
				CE6E74DA252CBCFA00CF1283 /* CQObjcBasis.h */,
				CE6E74DB252CBCFA00CF1283 /* CQObjcBasis.m */,
			);
			name = basis_ios;
			path = ../library/basis/basis_ios;
			sourceTree = "<group>";
		};
		CE6E74E1252CBD1F00CF1283 /* ctool */ = {
			isa = PBXGroup;
			children = (
				CE6E74E5252CBD1F00CF1283 /* cpp */,
				CE59DB2725330416004AA3C7 /* intf */,
			);
			name = ctool;
			path = ../library/ctool/ctool;
			sourceTree = "<group>";
		};
		CE6E74E5252CBD1F00CF1283 /* cpp */ = {
			isa = PBXGroup;
			children = (
				CE6E74E6252CBD1F00CF1283 /* cqbase64.cpp */,
				CE6E74F3252CBD1F00CF1283 /* cqbase64.hh */,
				CE6E74EA252CBD1F00CF1283 /* cqbus.cpp */,
				CE6E74F9252CBD1F00CF1283 /* cqbus.hh */,
				CE6E74F2252CBD1F00CF1283 /* cqctool.hh */,
				CE6E74FA252CBD1F00CF1283 /* cqctoolbase.hh */,
				CE6E74ED252CBD1F00CF1283 /* cqdata.cpp */,
				CE6E74EE252CBD1F00CF1283 /* cqdata.hh */,
				CE6E74F7252CBD1F00CF1283 /* cqdispatch.cpp */,
				CE6E74F8252CBD1F00CF1283 /* cqdispatch.hh */,
				CE6E74F6252CBD1F00CF1283 /* cqjson.cpp */,
				CE6E74F1252CBD1F00CF1283 /* cqjson.hh */,
				CE6E74E9252CBD1F00CF1283 /* cqpathstring.cpp */,
				CE6E74F5252CBD1F00CF1283 /* cqpathstring.hh */,
				CE6E74E8252CBD1F00CF1283 /* cqsocket_posix.hpp */,
				CE6E74E7252CBD1F00CF1283 /* cqsocket_win32.hpp */,
				CE6E74F0252CBD1F00CF1283 /* cqsocket.cpp */,
				CE6E74EF252CBD1F00CF1283 /* cqsocket.hh */,
				CE6E74F4252CBD1F00CF1283 /* cqvalue.cpp */,
				CE6E74EC252CBD1F00CF1283 /* cqvalue.hh */,
				CE59DB2C2533042F004AA3C7 /* IMPL.cpp */,
			);
			path = cpp;
			sourceTree = "<group>";
		};
		CE6E7507252CBD5800CF1283 /* foundation */ = {
			isa = PBXGroup;
			children = (
				CE6E750B252CBD5800CF1283 /* cpp */,
				CE59DB2F2533044D004AA3C7 /* intf */,
			);
			name = foundation;
			path = ../library/foundation/foundation;
			sourceTree = "<group>";
		};
		CE6E750B252CBD5800CF1283 /* cpp */ = {
			isa = PBXGroup;
			children = (
				CE6E750D252CBD5800CF1283 /* cqfoundation.cpp */,
				CE6E750C252CBD5800CF1283 /* cqfoundation.hh */,
			);
			path = cpp;
			sourceTree = "<group>";
		};
		CE6E750E252CBD5800CF1283 /* foundation_ios */ = {
			isa = PBXGroup;
			children = (
				CE6E7515252CBD5800CF1283 /* CQBundle.h */,
				CE6E751C252CBD5800CF1283 /* CQBundle.m */,
				CE6E751A252CBD5800CF1283 /* CQFileManager.h */,
				CE6E7514252CBD5800CF1283 /* CQFileManager.m */,
				CE6E7513252CBD5800CF1283 /* CQFoundation.h */,
				CE6E7512252CBD5800CF1283 /* CQHTTPSession.h */,
				CE6E7517252CBD5800CF1283 /* CQHTTPSession.m */,
				CE6E7516252CBD5800CF1283 /* CQLog.h */,
				CE6E751B252CBD5800CF1283 /* CQLog.m */,
				CE6E7510252CBD5800CF1283 /* CQRunLoop.h */,
				CE6E7519252CBD5800CF1283 /* CQRunLoop.m */,
				CE6E7518252CBD5800CF1283 /* CQThread.h */,
				CE6E7511252CBD5800CF1283 /* CQThread.m */,
				CE59DB3425330477004AA3C7 /* IMPL.m */,
			);
			name = foundation_ios;
			path = ../library/foundation/foundation_ios;
			sourceTree = "<group>";
		};
		CE6E7530252CBD8000CF1283 /* subsystem */ = {
			isa = PBXGroup;
			children = (
				CE6E7534252CBD8000CF1283 /* cpp */,
				CE59DB3725330498004AA3C7 /* intf */,
			);
			name = subsystem;
			path = ../library/subsystem/subsystem;
			sourceTree = "<group>";
		};
		CE6E7534252CBD8000CF1283 /* cpp */ = {
			isa = PBXGroup;
			children = (
				CE6E7535252CBD8000CF1283 /* cqsubsystem.cpp */,
				CE6E7536252CBD8000CF1283 /* cqsubsystem.hh */,
			);
			path = cpp;
			sourceTree = "<group>";
		};
		CE6E7537252CBD8000CF1283 /* subsystem_ios */ = {
			isa = PBXGroup;
			children = (
				CE6E753B252CBD8000CF1283 /* CQSubsystem.h */,
				CE6E753A252CBD8000CF1283 /* CQSubsystemController.h */,
				CE6E753D252CBD8000CF1283 /* CQSubsystemController.m */,
				CE6E753C252CBD8000CF1283 /* CQSubsystemManager.h */,
				CE6E7538252CBD8000CF1283 /* CQSubsystemManager.m */,
				CE59DB3C253304AC004AA3C7 /* IMPL.m */,
			);
			name = subsystem_ios;
			path = ../library/subsystem/subsystem_ios;
			sourceTree = "<group>";
		};
/* End PBXGroup section */

/* Begin PBXNativeTarget section */
		CE219ADE21DA51FD006A27B6 /* Library */ = {
			isa = PBXNativeTarget;
			buildConfigurationList = CE219AE821DA51FD006A27B6 /* Build configuration list for PBXNativeTarget "Library" */;
			buildPhases = (
				CE219ADB21DA51FD006A27B6 /* Sources */,
				CE219ADC21DA51FD006A27B6 /* Frameworks */,
				CE219ADD21DA51FD006A27B6 /* CopyFiles */,
			);
			buildRules = (
			);
			dependencies = (
			);
			name = Library;
			productName = Library;
			productReference = CE219ADF21DA51FD006A27B6 /* libLibrary.a */;
			productType = "com.apple.product-type.library.static";
		};
/* End PBXNativeTarget section */

/* Begin PBXProject section */
		CE219AD721DA51FD006A27B6 /* Project object */ = {
			isa = PBXProject;
			attributes = {
				LastUpgradeCheck = 1200;
				ORGANIZATIONNAME = wzsayiie;
				TargetAttributes = {
					CE219ADE21DA51FD006A27B6 = {
						CreatedOnToolsVersion = 10.1;
					};
				};
			};
			buildConfigurationList = CE219ADA21DA51FD006A27B6 /* Build configuration list for PBXProject "Library" */;
			compatibilityVersion = "Xcode 9.3";
			developmentRegion = en;
			hasScannedForEncodings = 0;
			knownRegions = (
				en,
				Base,
				"zh-Hans",
			);
			mainGroup = CE219AD621DA51FD006A27B6;
			productRefGroup = CE219AE021DA51FD006A27B6 /* Products */;
			projectDirPath = "";
			projectRoot = "";
			targets = (
				CE219ADE21DA51FD006A27B6 /* Library */,
			);
		};
/* End PBXProject section */

/* Begin PBXSourcesBuildPhase section */
		CE219ADB21DA51FD006A27B6 /* Sources */ = {
			isa = PBXSourcesBuildPhase;
			buildActionMask = 2147483647;
			files = (
				CE6E7542252CBD8000CF1283 /* CQSubsystemController.m in Sources */,
				CE59DB322533044D004AA3C7 /* cqfoundationintf.cpp in Sources */,
				CE6E7523252CBD5800CF1283 /* CQHTTPSession.m in Sources */,
				CE6E7524252CBD5800CF1283 /* CQRunLoop.m in Sources */,
				CE6E74FF252CBD1F00CF1283 /* cqbus.cpp in Sources */,
				CE6E7522252CBD5800CF1283 /* CQFileManager.m in Sources */,
				CE6E7503252CBD1F00CF1283 /* cqvalue.cpp in Sources */,
				CE6E74FD252CBD1F00CF1283 /* cqbase64.cpp in Sources */,
				CE6E7501252CBD1F00CF1283 /* cqdata.cpp in Sources */,
				CE6E7504252CBD1F00CF1283 /* cqjson.cpp in Sources */,
				CE59DB3A25330498004AA3C7 /* cqsubsystemintf.cpp in Sources */,
				CE6E7525252CBD5800CF1283 /* CQLog.m in Sources */,
				CE59DB2D2533042F004AA3C7 /* IMPL.cpp in Sources */,
				CE6E753F252CBD8000CF1283 /* cqsubsystem.cpp in Sources */,
				CE6E7526252CBD5800CF1283 /* CQBundle.m in Sources */,
				CE6E74DE252CBCFA00CF1283 /* CQObjcBasis.m in Sources */,
				CE6E751F252CBD5800CF1283 /* cqfoundation.cpp in Sources */,
				CE6E74FE252CBD1F00CF1283 /* cqpathstring.cpp in Sources */,
				CE6E7521252CBD5800CF1283 /* CQThread.m in Sources */,
				CE6E74DD252CBCFA00CF1283 /* cqcppbasis.cpp in Sources */,
				CE6E7502252CBD1F00CF1283 /* cqsocket.cpp in Sources */,
				CE59DB3525330477004AA3C7 /* IMPL.m in Sources */,
				CE59DB2A25330416004AA3C7 /* cqctoolintf.cpp in Sources */,
				CE6E74DC252CBCFA00CF1283 /* cqcbasis.cpp in Sources */,
				CE59DB3D253304AC004AA3C7 /* IMPL.m in Sources */,
				CE6E7505252CBD1F00CF1283 /* cqdispatch.cpp in Sources */,
				CE6E7540252CBD8000CF1283 /* CQSubsystemManager.m in Sources */,
			);
			runOnlyForDeploymentPostprocessing = 0;
		};
/* End PBXSourcesBuildPhase section */

/* Begin XCBuildConfiguration section */
		CE219AE621DA51FD006A27B6 /* Debug */ = {
			isa = XCBuildConfiguration;
			buildSettings = {
				ALWAYS_SEARCH_USER_PATHS = NO;
				CLANG_ANALYZER_NONNULL = YES;
				CLANG_ANALYZER_NUMBER_OBJECT_CONVERSION = YES_AGGRESSIVE;
				CLANG_CXX_LANGUAGE_STANDARD = "gnu++14";
				CLANG_CXX_LIBRARY = "libc++";
				CLANG_ENABLE_MODULES = YES;
				CLANG_ENABLE_OBJC_ARC = YES;
				CLANG_ENABLE_OBJC_WEAK = YES;
				CLANG_WARN_BLOCK_CAPTURE_AUTORELEASING = YES;
				CLANG_WARN_BOOL_CONVERSION = YES;
				CLANG_WARN_COMMA = YES;
				CLANG_WARN_CONSTANT_CONVERSION = YES;
				CLANG_WARN_DEPRECATED_OBJC_IMPLEMENTATIONS = YES;
				CLANG_WARN_DIRECT_OBJC_ISA_USAGE = YES_ERROR;
				CLANG_WARN_DOCUMENTATION_COMMENTS = YES;
				CLANG_WARN_EMPTY_BODY = YES;
				CLANG_WARN_ENUM_CONVERSION = YES;
				CLANG_WARN_INFINITE_RECURSION = YES;
				CLANG_WARN_INT_CONVERSION = YES;
				CLANG_WARN_NON_LITERAL_NULL_CONVERSION = YES;
				CLANG_WARN_OBJC_IMPLICIT_RETAIN_SELF = YES;
				CLANG_WARN_OBJC_LITERAL_CONVERSION = YES;
				CLANG_WARN_OBJC_ROOT_CLASS = YES_ERROR;
				CLANG_WARN_QUOTED_INCLUDE_IN_FRAMEWORK_HEADER = YES;
				CLANG_WARN_RANGE_LOOP_ANALYSIS = YES;
				CLANG_WARN_STRICT_PROTOTYPES = YES;
				CLANG_WARN_SUSPICIOUS_MOVE = YES;
				CLANG_WARN_UNGUARDED_AVAILABILITY = YES_AGGRESSIVE;
				CLANG_WARN_UNREACHABLE_CODE = YES;
				CLANG_WARN__DUPLICATE_METHOD_MATCH = YES;
				CODE_SIGN_IDENTITY = "iPhone Developer";
				COPY_PHASE_STRIP = NO;
				DEBUG_INFORMATION_FORMAT = dwarf;
				ENABLE_STRICT_OBJC_MSGSEND = YES;
				ENABLE_TESTABILITY = YES;
				GCC_C_LANGUAGE_STANDARD = gnu11;
				GCC_DYNAMIC_NO_PIC = NO;
				GCC_NO_COMMON_BLOCKS = YES;
				GCC_OPTIMIZATION_LEVEL = 0;
				GCC_PREPROCESSOR_DEFINITIONS = (
					"DEBUG=1",
					"$(inherited)",
				);
				GCC_WARN_64_TO_32_BIT_CONVERSION = YES;
				GCC_WARN_ABOUT_RETURN_TYPE = YES_ERROR;
				GCC_WARN_UNDECLARED_SELECTOR = YES;
				GCC_WARN_UNINITIALIZED_AUTOS = YES_AGGRESSIVE;
				GCC_WARN_UNUSED_FUNCTION = YES;
				GCC_WARN_UNUSED_VARIABLE = YES;
				HEADER_SEARCH_PATHS = (
					"$(SRCROOT)/../GENERATED_HEADERS",
					"$(SRCROOT)/../thirds_ios/includes",
				);
				IPHONEOS_DEPLOYMENT_TARGET = 14.0;
				MTL_ENABLE_DEBUG_INFO = INCLUDE_SOURCE;
				MTL_FAST_MATH = YES;
				ONLY_ACTIVE_ARCH = YES;
				SDKROOT = iphoneos;
			};
			name = Debug;
		};
		CE219AE721DA51FD006A27B6 /* Release */ = {
			isa = XCBuildConfiguration;
			buildSettings = {
				ALWAYS_SEARCH_USER_PATHS = NO;
				CLANG_ANALYZER_NONNULL = YES;
				CLANG_ANALYZER_NUMBER_OBJECT_CONVERSION = YES_AGGRESSIVE;
				CLANG_CXX_LANGUAGE_STANDARD = "gnu++14";
				CLANG_CXX_LIBRARY = "libc++";
				CLANG_ENABLE_MODULES = YES;
				CLANG_ENABLE_OBJC_ARC = YES;
				CLANG_ENABLE_OBJC_WEAK = YES;
				CLANG_WARN_BLOCK_CAPTURE_AUTORELEASING = YES;
				CLANG_WARN_BOOL_CONVERSION = YES;
				CLANG_WARN_COMMA = YES;
				CLANG_WARN_CONSTANT_CONVERSION = YES;
				CLANG_WARN_DEPRECATED_OBJC_IMPLEMENTATIONS = YES;
				CLANG_WARN_DIRECT_OBJC_ISA_USAGE = YES_ERROR;
				CLANG_WARN_DOCUMENTATION_COMMENTS = YES;
				CLANG_WARN_EMPTY_BODY = YES;
				CLANG_WARN_ENUM_CONVERSION = YES;
				CLANG_WARN_INFINITE_RECURSION = YES;
				CLANG_WARN_INT_CONVERSION = YES;
				CLANG_WARN_NON_LITERAL_NULL_CONVERSION = YES;
				CLANG_WARN_OBJC_IMPLICIT_RETAIN_SELF = YES;
				CLANG_WARN_OBJC_LITERAL_CONVERSION = YES;
				CLANG_WARN_OBJC_ROOT_CLASS = YES_ERROR;
				CLANG_WARN_QUOTED_INCLUDE_IN_FRAMEWORK_HEADER = YES;
				CLANG_WARN_RANGE_LOOP_ANALYSIS = YES;
				CLANG_WARN_STRICT_PROTOTYPES = YES;
				CLANG_WARN_SUSPICIOUS_MOVE = YES;
				CLANG_WARN_UNGUARDED_AVAILABILITY = YES_AGGRESSIVE;
				CLANG_WARN_UNREACHABLE_CODE = YES;
				CLANG_WARN__DUPLICATE_METHOD_MATCH = YES;
				CODE_SIGN_IDENTITY = "iPhone Developer";
				COPY_PHASE_STRIP = NO;
				DEBUG_INFORMATION_FORMAT = "dwarf-with-dsym";
				ENABLE_NS_ASSERTIONS = NO;
				ENABLE_STRICT_OBJC_MSGSEND = YES;
				GCC_C_LANGUAGE_STANDARD = gnu11;
				GCC_NO_COMMON_BLOCKS = YES;
				GCC_WARN_64_TO_32_BIT_CONVERSION = YES;
				GCC_WARN_ABOUT_RETURN_TYPE = YES_ERROR;
				GCC_WARN_UNDECLARED_SELECTOR = YES;
				GCC_WARN_UNINITIALIZED_AUTOS = YES_AGGRESSIVE;
				GCC_WARN_UNUSED_FUNCTION = YES;
				GCC_WARN_UNUSED_VARIABLE = YES;
				HEADER_SEARCH_PATHS = (
					"$(SRCROOT)/../GENERATED_HEADERS",
					"$(SRCROOT)/../thirds_ios/includes",
				);
				IPHONEOS_DEPLOYMENT_TARGET = 14.0;
				MTL_ENABLE_DEBUG_INFO = NO;
				MTL_FAST_MATH = YES;
				SDKROOT = iphoneos;
				VALIDATE_PRODUCT = YES;
			};
			name = Release;
		};
		CE219AE921DA51FD006A27B6 /* Debug */ = {
			isa = XCBuildConfiguration;
			buildSettings = {
				CODE_SIGN_STYLE = Automatic;
				HEADER_SEARCH_PATHS = (
					$SRCROOT/../GENERATED_HEADERS,
					$SRCROOT/../thirds_ios/includes,
				);
				OTHER_LDFLAGS = "-ObjC";
				PRODUCT_NAME = "$(TARGET_NAME)";
				SKIP_INSTALL = YES;
				TARGETED_DEVICE_FAMILY = "1,2";
			};
			name = Debug;
		};
		CE219AEA21DA51FD006A27B6 /* Release */ = {
			isa = XCBuildConfiguration;
			buildSettings = {
				CODE_SIGN_STYLE = Automatic;
				HEADER_SEARCH_PATHS = (
					$SRCROOT/../GENERATED_HEADERS,
					$SRCROOT/../thirds_ios/includes,
				);
				OTHER_LDFLAGS = "-ObjC";
				PRODUCT_NAME = "$(TARGET_NAME)";
				SKIP_INSTALL = YES;
				TARGETED_DEVICE_FAMILY = "1,2";
			};
			name = Release;
		};
/* End XCBuildConfiguration section */

/* Begin XCConfigurationList section */
		CE219ADA21DA51FD006A27B6 /* Build configuration list for PBXProject "Library" */ = {
			isa = XCConfigurationList;
			buildConfigurations = (
				CE219AE621DA51FD006A27B6 /* Debug */,
				CE219AE721DA51FD006A27B6 /* Release */,
			);
			defaultConfigurationIsVisible = 0;
			defaultConfigurationName = Release;
		};
		CE219AE821DA51FD006A27B6 /* Build configuration list for PBXNativeTarget "Library" */ = {
			isa = XCConfigurationList;
			buildConfigurations = (
				CE219AE921DA51FD006A27B6 /* Debug */,
				CE219AEA21DA51FD006A27B6 /* Release */,
			);
			defaultConfigurationIsVisible = 0;
			defaultConfigurationName = Release;
		};
/* End XCConfigurationList section */
	};
	rootObject = CE219AD721DA51FD006A27B6 /* Project object */;
}
