// !$*UTF8*$!
{
	archiveVersion = 1;
	classes = {
	};
	objectVersion = 50;
	objects = {

/* Begin PBXBuildFile section */
		B401E5C8226F3470002F65BF /* Resource.bundle in Resources */ = {isa = PBXBuildFile; fileRef = B401E5C7226F344B002F65BF /* Resource.bundle */; };
		B416F18921A2CD630045FDF6 /* Scenes.plist in Resources */ = {isa = PBXBuildFile; fileRef = B416F18821A2CD630045FDF6 /* Scenes.plist */; };
		B425210822842AD3004FA04B /* UIView+CQ.m in Sources */ = {isa = PBXBuildFile; fileRef = B425210222842AD2004FA04B /* UIView+CQ.m */; };
		B425210922842AD3004FA04B /* NSBundle+CQ.m in Sources */ = {isa = PBXBuildFile; fileRef = B425210422842AD2004FA04B /* NSBundle+CQ.m */; };
		B425210A22842AD3004FA04B /* UIDevice+CQ.m in Sources */ = {isa = PBXBuildFile; fileRef = B425210522842AD2004FA04B /* UIDevice+CQ.m */; };
		B425210B22842AD3004FA04B /* UIViewController+CQ.m in Sources */ = {isa = PBXBuildFile; fileRef = B425210622842AD2004FA04B /* UIViewController+CQ.m */; };
		B425211422842B91004FA04B /* CQHotfixManager.m in Sources */ = {isa = PBXBuildFile; fileRef = B425211122842B90004FA04B /* CQHotfixManager.m */; };
		B425212222842BE4004FA04B /* CQCrashListener.m in Sources */ = {isa = PBXBuildFile; fileRef = B425211622842BE4004FA04B /* CQCrashListener.m */; };
		B425212322842BE4004FA04B /* CQSceneNavigator.m in Sources */ = {isa = PBXBuildFile; fileRef = B425211922842BE4004FA04B /* CQSceneNavigator.m */; };
		B425212422842BE4004FA04B /* UIViewController+CQScene.m in Sources */ = {isa = PBXBuildFile; fileRef = B425211C22842BE4004FA04B /* UIViewController+CQScene.m */; };
		B425212A22842C8E004FA04B /* CQDemoViewController.m in Sources */ = {isa = PBXBuildFile; fileRef = B425212922842C8E004FA04B /* CQDemoViewController.m */; };
		B43C7A872317C79C008353A4 /* cqgraphics.cpp in Sources */ = {isa = PBXBuildFile; fileRef = B43C7A852317C79C008353A4 /* cqgraphics.cpp */; };
		B444D8E321DF6DDF00E5FF54 /* libLibrary.a in Frameworks */ = {isa = PBXBuildFile; fileRef = B4EC3C6B21DF6D8800E287A4 /* libLibrary.a */; };
		B4549AB722BCA2FE00781D3C /* L.strings in Resources */ = {isa = PBXBuildFile; fileRef = B4549AB522BCA2FE00781D3C /* L.strings */; };
		B45C1BB121A02B19007CB374 /* LaunchScreen.storyboard in Resources */ = {isa = PBXBuildFile; fileRef = B45C1B7721A02B19007CB374 /* LaunchScreen.storyboard */; };
		B45C1BB221A02B19007CB374 /* Assets.xcassets in Resources */ = {isa = PBXBuildFile; fileRef = B45C1B7821A02B19007CB374 /* Assets.xcassets */; };
		B45C1BB821A02B19007CB374 /* AppDelegate.m in Sources */ = {isa = PBXBuildFile; fileRef = B45C1B8E21A02B19007CB374 /* AppDelegate.m */; };
		B45C1BD021A034C0007CB374 /* DailyDemoController.xib in Resources */ = {isa = PBXBuildFile; fileRef = B45C1BCF21A034C0007CB374 /* DailyDemoController.xib */; };
		B467ECE1231000100045E2DC /* NSString+CQ.m in Sources */ = {isa = PBXBuildFile; fileRef = B467ECE0231000100045E2DC /* NSString+CQ.m */; };
		B467ECE423100B090045E2DC /* NSMutableDictionary+CQ.m in Sources */ = {isa = PBXBuildFile; fileRef = B467ECE323100B090045E2DC /* NSMutableDictionary+CQ.m */; };
		B473DC2622A4E72600218901 /* CQHostAppDelegate.m in Sources */ = {isa = PBXBuildFile; fileRef = B473DC1E22A4E72600218901 /* CQHostAppDelegate.m */; };
		B473DC2722A4E72600218901 /* CQHostViewController.m in Sources */ = {isa = PBXBuildFile; fileRef = B473DC1F22A4E72600218901 /* CQHostViewController.m */; };
		B473DC2822A4E72600218901 /* cqwindow.cpp in Sources */ = {isa = PBXBuildFile; fileRef = B473DC2322A4E72600218901 /* cqwindow.cpp */; };
		B473DC2922A4E72600218901 /* cqopengl.cpp in Sources */ = {isa = PBXBuildFile; fileRef = B473DC2522A4E72600218901 /* cqopengl.cpp */; };
		B473DC2B22A5000B00218901 /* luahost.cpp in Sources */ = {isa = PBXBuildFile; fileRef = B473DC2A22A5000B00218901 /* luahost.cpp */; };
		B475C169230100A300ED7BD3 /* NSNotificationCenter+CQ.m in Sources */ = {isa = PBXBuildFile; fileRef = B475C165230100A200ED7BD3 /* NSNotificationCenter+CQ.m */; };
		B475C16A230100A300ED7BD3 /* CQGCD.m in Sources */ = {isa = PBXBuildFile; fileRef = B475C166230100A200ED7BD3 /* CQGCD.m */; };
		B4A4468B228BA74F00B46240 /* cqgeometry.cpp in Sources */ = {isa = PBXBuildFile; fileRef = B4A44689228BA74E00B46240 /* cqgeometry.cpp */; };
		B4B9D32022278D4E00B35E72 /* liblua.a in Frameworks */ = {isa = PBXBuildFile; fileRef = B4B9D31F22278D4D00B35E72 /* liblua.a */; };
		B4C1623922A8C01900D9CA70 /* CPPHostAppDelegate.m in Sources */ = {isa = PBXBuildFile; fileRef = B4C1623722A8C01900D9CA70 /* CPPHostAppDelegate.m */; };
		B4C1623D22A8C02F00D9CA70 /* LuaHostAppDelegate.m in Sources */ = {isa = PBXBuildFile; fileRef = B4C1623C22A8C02F00D9CA70 /* LuaHostAppDelegate.m */; };
		B4C7448E22BCAE5100483834 /* InfoPlist.strings in Resources */ = {isa = PBXBuildFile; fileRef = B4C7448C22BCAE5100483834 /* InfoPlist.strings */; };
		B4CFD97321C7475000FFF4CF /* IAPDemoController.m in Sources */ = {isa = PBXBuildFile; fileRef = B4CFD96021C7475000FFF4CF /* IAPDemoController.m */; };
		B4CFD97421C7475000FFF4CF /* DailyDemoController.m in Sources */ = {isa = PBXBuildFile; fileRef = B4CFD96421C7475000FFF4CF /* DailyDemoController.m */; };
		B4CFD97A21C75AB300FFF4CF /* IAPDemoController.xib in Resources */ = {isa = PBXBuildFile; fileRef = B4CFD97921C75AB300FFF4CF /* IAPDemoController.xib */; };
		B4D3B3922260C15B007D3E4A /* BlankViewController.m in Sources */ = {isa = PBXBuildFile; fileRef = B4D3B3902260C15B007D3E4A /* BlankViewController.m */; };
		B4D3B3952260C21D007D3E4A /* BlankViewController.xib in Resources */ = {isa = PBXBuildFile; fileRef = B4D3B3942260C21D007D3E4A /* BlankViewController.xib */; };
		B4D3B39A2260C88E007D3E4A /* FloatViewController.m in Sources */ = {isa = PBXBuildFile; fileRef = B4D3B3982260C88E007D3E4A /* FloatViewController.m */; };
		B4DCD87E21F17DAE0090BFBB /* UserIdentity.m in Sources */ = {isa = PBXBuildFile; fileRef = B4DCD87B21F17DAE0090BFBB /* UserIdentity.m */; };
		B4DCD87F21F17DAE0090BFBB /* UserSetting.m in Sources */ = {isa = PBXBuildFile; fileRef = B4DCD87C21F17DAE0090BFBB /* UserSetting.m */; };
		B4E7CD0F2224098800122637 /* main.m in Sources */ = {isa = PBXBuildFile; fileRef = B4E7CD0E2224098800122637 /* main.m */; };
		B4EF08B6228D8D9A0089AA4C /* cqcolor.cpp in Sources */ = {isa = PBXBuildFile; fileRef = B4EF08B5228D8D9A0089AA4C /* cqcolor.cpp */; };
		B4FCC39821F0912700D152DF /* libc++.tbd in Frameworks */ = {isa = PBXBuildFile; fileRef = B4FCC39721F0912700D152DF /* libc++.tbd */; };
		CE90E647228727460071D4D3 /* cqluavm.cpp in Sources */ = {isa = PBXBuildFile; fileRef = CE90E63D228727460071D4D3 /* cqluavm.cpp */; };
		CE90E649228727460071D4D3 /* cqluasource.cpp in Sources */ = {isa = PBXBuildFile; fileRef = CE90E641228727460071D4D3 /* cqluasource.cpp */; };
		CE90E69422872A350071D4D3 /* appdelegate.cpp in Sources */ = {isa = PBXBuildFile; fileRef = CE90E67C22872A350071D4D3 /* appdelegate.cpp */; };
		CE90E69522872A350071D4D3 /* rootviewcontroller.cpp in Sources */ = {isa = PBXBuildFile; fileRef = CE90E67E22872A350071D4D3 /* rootviewcontroller.cpp */; };
		CE90E69622872A350071D4D3 /* cqviewcontroller.cpp in Sources */ = {isa = PBXBuildFile; fileRef = CE90E68222872A350071D4D3 /* cqviewcontroller.cpp */; };
		CE90E69722872A350071D4D3 /* cqtouchesevent.cpp in Sources */ = {isa = PBXBuildFile; fileRef = CE90E68322872A350071D4D3 /* cqtouchesevent.cpp */; };
		CE90E69822872A350071D4D3 /* cqresponder.cpp in Sources */ = {isa = PBXBuildFile; fileRef = CE90E68622872A350071D4D3 /* cqresponder.cpp */; };
		CE90E69922872A350071D4D3 /* cqview.cpp in Sources */ = {isa = PBXBuildFile; fileRef = CE90E68822872A350071D4D3 /* cqview.cpp */; };
		CE90E69A22872A350071D4D3 /* cqwindow.cpp in Sources */ = {isa = PBXBuildFile; fileRef = CE90E68A22872A350071D4D3 /* cqwindow.cpp */; };
		CE90E69B22872A350071D4D3 /* cqevent.cpp in Sources */ = {isa = PBXBuildFile; fileRef = CE90E68E22872A350071D4D3 /* cqevent.cpp */; };
		CE90E69C22872A350071D4D3 /* cqapplication.cpp in Sources */ = {isa = PBXBuildFile; fileRef = CE90E68F22872A350071D4D3 /* cqapplication.cpp */; };
		CE90E69D22872A350071D4D3 /* cqtouch.cpp in Sources */ = {isa = PBXBuildFile; fileRef = CE90E69022872A350071D4D3 /* cqtouch.cpp */; };
		CEEB261C2300655C001FD8D6 /* CQNetStatusListener.m in Sources */ = {isa = PBXBuildFile; fileRef = CEEB261B2300655C001FD8D6 /* CQNetStatusListener.m */; };
/* End PBXBuildFile section */

/* Begin PBXContainerItemProxy section */
		B401E5C6226F344B002F65BF /* PBXContainerItemProxy */ = {
			isa = PBXContainerItemProxy;
			containerPortal = B41264A7226D897100745ABF /* Resource.xcodeproj */;
			proxyType = 2;
			remoteGlobalIDString = B4EB47B6226D87C1008B5E2F;
			remoteInfo = Resource;
		};
		B401E5C9226F3489002F65BF /* PBXContainerItemProxy */ = {
			isa = PBXContainerItemProxy;
			containerPortal = B41264A7226D897100745ABF /* Resource.xcodeproj */;
			proxyType = 1;
			remoteGlobalIDString = B4EB47B5226D87C1008B5E2F;
			remoteInfo = Resource;
		};
		B444D8E021DF6DD900E5FF54 /* PBXContainerItemProxy */ = {
			isa = PBXContainerItemProxy;
			containerPortal = B4EC3C6621DF6D8800E287A4 /* Library.xcodeproj */;
			proxyType = 1;
			remoteGlobalIDString = CE219ADE21DA51FD006A27B6;
			remoteInfo = Library;
		};
		B4EC3C6A21DF6D8800E287A4 /* PBXContainerItemProxy */ = {
			isa = PBXContainerItemProxy;
			containerPortal = B4EC3C6621DF6D8800E287A4 /* Library.xcodeproj */;
			proxyType = 2;
			remoteGlobalIDString = CE219ADF21DA51FD006A27B6;
			remoteInfo = Library;
		};
/* End PBXContainerItemProxy section */

/* Begin PBXFileReference section */
		B41264A7226D897100745ABF /* Resource.xcodeproj */ = {isa = PBXFileReference; lastKnownFileType = "wrapper.pb-project"; name = Resource.xcodeproj; path = ../library_ios/Resource.xcodeproj; sourceTree = "<group>"; };
		B416F18821A2CD630045FDF6 /* Scenes.plist */ = {isa = PBXFileReference; lastKnownFileType = text.plist.xml; path = Scenes.plist; sourceTree = "<group>"; };
		B42520FE22842AD2004FA04B /* UIView+CQ.h */ = {isa = PBXFileReference; fileEncoding = 4; lastKnownFileType = sourcecode.c.h; path = "UIView+CQ.h"; sourceTree = "<group>"; };
		B42520FF22842AD2004FA04B /* NSBundle+CQ.h */ = {isa = PBXFileReference; fileEncoding = 4; lastKnownFileType = sourcecode.c.h; path = "NSBundle+CQ.h"; sourceTree = "<group>"; };
		B425210022842AD2004FA04B /* UIViewController+CQ.h */ = {isa = PBXFileReference; fileEncoding = 4; lastKnownFileType = sourcecode.c.h; path = "UIViewController+CQ.h"; sourceTree = "<group>"; };
		B425210122842AD2004FA04B /* UIDevice+CQ.h */ = {isa = PBXFileReference; fileEncoding = 4; lastKnownFileType = sourcecode.c.h; path = "UIDevice+CQ.h"; sourceTree = "<group>"; };
		B425210222842AD2004FA04B /* UIView+CQ.m */ = {isa = PBXFileReference; fileEncoding = 4; lastKnownFileType = sourcecode.c.objc; path = "UIView+CQ.m"; sourceTree = "<group>"; };
		B425210422842AD2004FA04B /* NSBundle+CQ.m */ = {isa = PBXFileReference; fileEncoding = 4; lastKnownFileType = sourcecode.c.objc; path = "NSBundle+CQ.m"; sourceTree = "<group>"; };
		B425210522842AD2004FA04B /* UIDevice+CQ.m */ = {isa = PBXFileReference; fileEncoding = 4; lastKnownFileType = sourcecode.c.objc; path = "UIDevice+CQ.m"; sourceTree = "<group>"; };
		B425210622842AD2004FA04B /* UIViewController+CQ.m */ = {isa = PBXFileReference; fileEncoding = 4; lastKnownFileType = sourcecode.c.objc; path = "UIViewController+CQ.m"; sourceTree = "<group>"; };
		B425210C22842B05004FA04B /* Prefix.pch */ = {isa = PBXFileReference; fileEncoding = 4; lastKnownFileType = sourcecode.c.h; path = Prefix.pch; sourceTree = "<group>"; };
		B425211122842B90004FA04B /* CQHotfixManager.m */ = {isa = PBXFileReference; fileEncoding = 4; lastKnownFileType = sourcecode.c.objc; path = CQHotfixManager.m; sourceTree = "<group>"; };
		B425211222842B90004FA04B /* CQHotfixManager.h */ = {isa = PBXFileReference; fileEncoding = 4; lastKnownFileType = sourcecode.c.h; path = CQHotfixManager.h; sourceTree = "<group>"; };
		B425211622842BE4004FA04B /* CQCrashListener.m */ = {isa = PBXFileReference; fileEncoding = 4; lastKnownFileType = sourcecode.c.objc; path = CQCrashListener.m; sourceTree = "<group>"; };
		B425211722842BE4004FA04B /* CQCrashListener.h */ = {isa = PBXFileReference; fileEncoding = 4; lastKnownFileType = sourcecode.c.h; path = CQCrashListener.h; sourceTree = "<group>"; };
		B425211922842BE4004FA04B /* CQSceneNavigator.m */ = {isa = PBXFileReference; fileEncoding = 4; lastKnownFileType = sourcecode.c.objc; path = CQSceneNavigator.m; sourceTree = "<group>"; };
		B425211A22842BE4004FA04B /* UIViewController+CQScene.h */ = {isa = PBXFileReference; fileEncoding = 4; lastKnownFileType = sourcecode.c.h; path = "UIViewController+CQScene.h"; sourceTree = "<group>"; };
		B425211B22842BE4004FA04B /* CQSceneNavigator.h */ = {isa = PBXFileReference; fileEncoding = 4; lastKnownFileType = sourcecode.c.h; path = CQSceneNavigator.h; sourceTree = "<group>"; };
		B425211C22842BE4004FA04B /* UIViewController+CQScene.m */ = {isa = PBXFileReference; fileEncoding = 4; lastKnownFileType = sourcecode.c.objc; path = "UIViewController+CQScene.m"; sourceTree = "<group>"; };
		B425212822842C8E004FA04B /* CQDemoViewController.h */ = {isa = PBXFileReference; fileEncoding = 4; lastKnownFileType = sourcecode.c.h; path = CQDemoViewController.h; sourceTree = "<group>"; };
		B425212922842C8E004FA04B /* CQDemoViewController.m */ = {isa = PBXFileReference; fileEncoding = 4; lastKnownFileType = sourcecode.c.objc; path = CQDemoViewController.m; sourceTree = "<group>"; };
		B43C7A852317C79C008353A4 /* cqgraphics.cpp */ = {isa = PBXFileReference; fileEncoding = 4; lastKnownFileType = sourcecode.cpp.cpp; path = cqgraphics.cpp; sourceTree = "<group>"; };
		B43C7A862317C79C008353A4 /* cqgraphics.hh */ = {isa = PBXFileReference; fileEncoding = 4; lastKnownFileType = sourcecode.cpp.h; path = cqgraphics.hh; sourceTree = "<group>"; };
		B4549AB622BCA2FE00781D3C /* Base */ = {isa = PBXFileReference; lastKnownFileType = text.plist.strings; name = Base; path = Base.lproj/L.strings; sourceTree = "<group>"; };
		B4549AB822BCA30F00781D3C /* zh-Hans */ = {isa = PBXFileReference; lastKnownFileType = text.plist.strings; name = "zh-Hans"; path = "zh-Hans.lproj/L.strings"; sourceTree = "<group>"; };
		B45C1B5B21A02562007CB374 /* App.app */ = {isa = PBXFileReference; explicitFileType = wrapper.application; includeInIndex = 0; path = App.app; sourceTree = BUILT_PRODUCTS_DIR; };
		B45C1B7521A02B19007CB374 /* Info.plist */ = {isa = PBXFileReference; fileEncoding = 4; lastKnownFileType = text.plist.xml; path = Info.plist; sourceTree = "<group>"; };
		B45C1B7721A02B19007CB374 /* LaunchScreen.storyboard */ = {isa = PBXFileReference; fileEncoding = 4; lastKnownFileType = file.storyboard; path = LaunchScreen.storyboard; sourceTree = "<group>"; };
		B45C1B7821A02B19007CB374 /* Assets.xcassets */ = {isa = PBXFileReference; lastKnownFileType = folder.assetcatalog; path = Assets.xcassets; sourceTree = "<group>"; };
		B45C1B8D21A02B19007CB374 /* AppDelegate.h */ = {isa = PBXFileReference; fileEncoding = 4; lastKnownFileType = sourcecode.c.h; path = AppDelegate.h; sourceTree = "<group>"; };
		B45C1B8E21A02B19007CB374 /* AppDelegate.m */ = {isa = PBXFileReference; fileEncoding = 4; lastKnownFileType = sourcecode.c.objc; path = AppDelegate.m; sourceTree = "<group>"; };
		B45C1BCF21A034C0007CB374 /* DailyDemoController.xib */ = {isa = PBXFileReference; lastKnownFileType = file.xib; path = DailyDemoController.xib; sourceTree = "<group>"; };
		B467ECDF231000100045E2DC /* NSString+CQ.h */ = {isa = PBXFileReference; fileEncoding = 4; lastKnownFileType = sourcecode.c.h; path = "NSString+CQ.h"; sourceTree = "<group>"; };
		B467ECE0231000100045E2DC /* NSString+CQ.m */ = {isa = PBXFileReference; fileEncoding = 4; lastKnownFileType = sourcecode.c.objc; path = "NSString+CQ.m"; sourceTree = "<group>"; };
		B467ECE223100B090045E2DC /* NSMutableDictionary+CQ.h */ = {isa = PBXFileReference; fileEncoding = 4; lastKnownFileType = sourcecode.c.h; path = "NSMutableDictionary+CQ.h"; sourceTree = "<group>"; };
		B467ECE323100B090045E2DC /* NSMutableDictionary+CQ.m */ = {isa = PBXFileReference; fileEncoding = 4; lastKnownFileType = sourcecode.c.objc; path = "NSMutableDictionary+CQ.m"; sourceTree = "<group>"; };
		B473DC1D22A4E72600218901 /* CQHostViewController.h */ = {isa = PBXFileReference; fileEncoding = 4; lastKnownFileType = sourcecode.c.h; path = CQHostViewController.h; sourceTree = "<group>"; };
		B473DC1E22A4E72600218901 /* CQHostAppDelegate.m */ = {isa = PBXFileReference; fileEncoding = 4; lastKnownFileType = sourcecode.c.objc; path = CQHostAppDelegate.m; sourceTree = "<group>"; };
		B473DC1F22A4E72600218901 /* CQHostViewController.m */ = {isa = PBXFileReference; fileEncoding = 4; lastKnownFileType = sourcecode.c.objc; path = CQHostViewController.m; sourceTree = "<group>"; };
		B473DC2022A4E72600218901 /* CQHostAppDelegate.h */ = {isa = PBXFileReference; fileEncoding = 4; lastKnownFileType = sourcecode.c.h; path = CQHostAppDelegate.h; sourceTree = "<group>"; };
		B473DC2222A4E72600218901 /* cqopengl.h */ = {isa = PBXFileReference; fileEncoding = 4; lastKnownFileType = sourcecode.c.h; path = cqopengl.h; sourceTree = "<group>"; };
		B473DC2322A4E72600218901 /* cqwindow.cpp */ = {isa = PBXFileReference; fileEncoding = 4; lastKnownFileType = sourcecode.cpp.cpp; path = cqwindow.cpp; sourceTree = "<group>"; };
		B473DC2422A4E72600218901 /* cqwindow.h */ = {isa = PBXFileReference; fileEncoding = 4; lastKnownFileType = sourcecode.c.h; path = cqwindow.h; sourceTree = "<group>"; };
		B473DC2522A4E72600218901 /* cqopengl.cpp */ = {isa = PBXFileReference; fileEncoding = 4; lastKnownFileType = sourcecode.cpp.cpp; path = cqopengl.cpp; sourceTree = "<group>"; };
		B473DC2A22A5000B00218901 /* luahost.cpp */ = {isa = PBXFileReference; fileEncoding = 4; lastKnownFileType = sourcecode.cpp.cpp; path = luahost.cpp; sourceTree = "<group>"; };
		B475C165230100A200ED7BD3 /* NSNotificationCenter+CQ.m */ = {isa = PBXFileReference; fileEncoding = 4; lastKnownFileType = sourcecode.c.objc; path = "NSNotificationCenter+CQ.m"; sourceTree = "<group>"; };
		B475C166230100A200ED7BD3 /* CQGCD.m */ = {isa = PBXFileReference; fileEncoding = 4; lastKnownFileType = sourcecode.c.objc; path = CQGCD.m; sourceTree = "<group>"; };
		B475C167230100A200ED7BD3 /* CQGCD.h */ = {isa = PBXFileReference; fileEncoding = 4; lastKnownFileType = sourcecode.c.h; path = CQGCD.h; sourceTree = "<group>"; };
		B475C168230100A300ED7BD3 /* NSNotificationCenter+CQ.h */ = {isa = PBXFileReference; fileEncoding = 4; lastKnownFileType = sourcecode.c.h; path = "NSNotificationCenter+CQ.h"; sourceTree = "<group>"; };
		B4954B3D22F2B16E00B66C0F /* cqcocoabase.hh */ = {isa = PBXFileReference; fileEncoding = 4; lastKnownFileType = sourcecode.cpp.h; path = cqcocoabase.hh; sourceTree = "<group>"; };
		B4954B3E22F2B1A200B66C0F /* _CQCOCOA_VERSION.h */ = {isa = PBXFileReference; fileEncoding = 4; lastKnownFileType = sourcecode.c.h; name = _CQCOCOA_VERSION.h; path = ../program_cpp/_CQCOCOA_VERSION.h; sourceTree = "<group>"; };
		B4A44689228BA74E00B46240 /* cqgeometry.cpp */ = {isa = PBXFileReference; fileEncoding = 4; lastKnownFileType = sourcecode.cpp.cpp; path = cqgeometry.cpp; sourceTree = "<group>"; };
		B4A4468A228BA74F00B46240 /* cqgeometry.hh */ = {isa = PBXFileReference; fileEncoding = 4; lastKnownFileType = sourcecode.cpp.h; path = cqgeometry.hh; sourceTree = "<group>"; };
		B4B9D31F22278D4D00B35E72 /* liblua.a */ = {isa = PBXFileReference; lastKnownFileType = archive.ar; name = liblua.a; path = ../thirds_ios/libs/liblua.a; sourceTree = "<group>"; };
		B4C1623722A8C01900D9CA70 /* CPPHostAppDelegate.m */ = {isa = PBXFileReference; fileEncoding = 4; lastKnownFileType = sourcecode.c.objc; path = CPPHostAppDelegate.m; sourceTree = "<group>"; };
		B4C1623822A8C01900D9CA70 /* CPPHostAppDelegate.h */ = {isa = PBXFileReference; fileEncoding = 4; lastKnownFileType = sourcecode.c.h; path = CPPHostAppDelegate.h; sourceTree = "<group>"; };
		B4C1623B22A8C02F00D9CA70 /* LuaHostAppDelegate.h */ = {isa = PBXFileReference; fileEncoding = 4; lastKnownFileType = sourcecode.c.h; path = LuaHostAppDelegate.h; sourceTree = "<group>"; };
		B4C1623C22A8C02F00D9CA70 /* LuaHostAppDelegate.m */ = {isa = PBXFileReference; fileEncoding = 4; lastKnownFileType = sourcecode.c.objc; path = LuaHostAppDelegate.m; sourceTree = "<group>"; };
		B4C7448D22BCAE5100483834 /* Base */ = {isa = PBXFileReference; lastKnownFileType = text.plist.strings; name = Base; path = Base.lproj/InfoPlist.strings; sourceTree = "<group>"; };
		B4C7448F22BCAE5600483834 /* zh-Hans */ = {isa = PBXFileReference; lastKnownFileType = text.plist.strings; name = "zh-Hans"; path = "zh-Hans.lproj/InfoPlist.strings"; sourceTree = "<group>"; };
		B4CFD96021C7475000FFF4CF /* IAPDemoController.m */ = {isa = PBXFileReference; fileEncoding = 4; lastKnownFileType = sourcecode.c.objc; path = IAPDemoController.m; sourceTree = "<group>"; };
		B4CFD96121C7475000FFF4CF /* IAPDemoController.h */ = {isa = PBXFileReference; fileEncoding = 4; lastKnownFileType = sourcecode.c.h; path = IAPDemoController.h; sourceTree = "<group>"; };
		B4CFD96321C7475000FFF4CF /* DailyDemoController.h */ = {isa = PBXFileReference; fileEncoding = 4; lastKnownFileType = sourcecode.c.h; path = DailyDemoController.h; sourceTree = "<group>"; };
		B4CFD96421C7475000FFF4CF /* DailyDemoController.m */ = {isa = PBXFileReference; fileEncoding = 4; lastKnownFileType = sourcecode.c.objc; path = DailyDemoController.m; sourceTree = "<group>"; };
		B4CFD97921C75AB300FFF4CF /* IAPDemoController.xib */ = {isa = PBXFileReference; lastKnownFileType = file.xib; path = IAPDemoController.xib; sourceTree = "<group>"; };
		B4D3B3902260C15B007D3E4A /* BlankViewController.m */ = {isa = PBXFileReference; fileEncoding = 4; lastKnownFileType = sourcecode.c.objc; path = BlankViewController.m; sourceTree = "<group>"; };
		B4D3B3912260C15B007D3E4A /* BlankViewController.h */ = {isa = PBXFileReference; fileEncoding = 4; lastKnownFileType = sourcecode.c.h; path = BlankViewController.h; sourceTree = "<group>"; };
		B4D3B3942260C21D007D3E4A /* BlankViewController.xib */ = {isa = PBXFileReference; lastKnownFileType = file.xib; path = BlankViewController.xib; sourceTree = "<group>"; };
		B4D3B3982260C88E007D3E4A /* FloatViewController.m */ = {isa = PBXFileReference; fileEncoding = 4; lastKnownFileType = sourcecode.c.objc; path = FloatViewController.m; sourceTree = "<group>"; };
		B4D3B3992260C88E007D3E4A /* FloatViewController.h */ = {isa = PBXFileReference; fileEncoding = 4; lastKnownFileType = sourcecode.c.h; path = FloatViewController.h; sourceTree = "<group>"; };
		B4DCD87A21F17DAE0090BFBB /* UserSetting.h */ = {isa = PBXFileReference; fileEncoding = 4; lastKnownFileType = sourcecode.c.h; path = UserSetting.h; sourceTree = "<group>"; };
		B4DCD87B21F17DAE0090BFBB /* UserIdentity.m */ = {isa = PBXFileReference; fileEncoding = 4; lastKnownFileType = sourcecode.c.objc; path = UserIdentity.m; sourceTree = "<group>"; };
		B4DCD87C21F17DAE0090BFBB /* UserSetting.m */ = {isa = PBXFileReference; fileEncoding = 4; lastKnownFileType = sourcecode.c.objc; path = UserSetting.m; sourceTree = "<group>"; };
		B4DCD87D21F17DAE0090BFBB /* UserIdentity.h */ = {isa = PBXFileReference; fileEncoding = 4; lastKnownFileType = sourcecode.c.h; path = UserIdentity.h; sourceTree = "<group>"; };
		B4E7CD0E2224098800122637 /* main.m */ = {isa = PBXFileReference; fileEncoding = 4; lastKnownFileType = sourcecode.c.objc; path = main.m; sourceTree = "<group>"; };
		B4EC3C6621DF6D8800E287A4 /* Library.xcodeproj */ = {isa = PBXFileReference; lastKnownFileType = "wrapper.pb-project"; name = Library.xcodeproj; path = ../library_ios/Library.xcodeproj; sourceTree = "<group>"; };
		B4EF08B4228D8D9A0089AA4C /* cqcolor.hh */ = {isa = PBXFileReference; fileEncoding = 4; lastKnownFileType = sourcecode.cpp.h; path = cqcolor.hh; sourceTree = "<group>"; };
		B4EF08B5228D8D9A0089AA4C /* cqcolor.cpp */ = {isa = PBXFileReference; fileEncoding = 4; lastKnownFileType = sourcecode.cpp.cpp; path = cqcolor.cpp; sourceTree = "<group>"; };
		B4FCC39721F0912700D152DF /* libc++.tbd */ = {isa = PBXFileReference; lastKnownFileType = "sourcecode.text-based-dylib-definition"; name = "libc++.tbd"; path = "usr/lib/libc++.tbd"; sourceTree = SDKROOT; };
		CE90E63D228727460071D4D3 /* cqluavm.cpp */ = {isa = PBXFileReference; fileEncoding = 4; lastKnownFileType = sourcecode.cpp.cpp; path = cqluavm.cpp; sourceTree = "<group>"; };
		CE90E63E228727460071D4D3 /* cqluavm.h */ = {isa = PBXFileReference; fileEncoding = 4; lastKnownFileType = sourcecode.c.h; path = cqluavm.h; sourceTree = "<group>"; };
		CE90E640228727460071D4D3 /* cqluasource.h */ = {isa = PBXFileReference; fileEncoding = 4; lastKnownFileType = sourcecode.c.h; path = cqluasource.h; sourceTree = "<group>"; };
		CE90E641228727460071D4D3 /* cqluasource.cpp */ = {isa = PBXFileReference; fileEncoding = 4; lastKnownFileType = sourcecode.cpp.cpp; path = cqluasource.cpp; sourceTree = "<group>"; };
		CE90E67B22872A350071D4D3 /* rootviewcontroller.hh */ = {isa = PBXFileReference; fileEncoding = 4; lastKnownFileType = sourcecode.cpp.h; path = rootviewcontroller.hh; sourceTree = "<group>"; };
		CE90E67C22872A350071D4D3 /* appdelegate.cpp */ = {isa = PBXFileReference; fileEncoding = 4; lastKnownFileType = sourcecode.cpp.cpp; path = appdelegate.cpp; sourceTree = "<group>"; };
		CE90E67D22872A350071D4D3 /* appdelegate.hh */ = {isa = PBXFileReference; fileEncoding = 4; lastKnownFileType = sourcecode.cpp.h; path = appdelegate.hh; sourceTree = "<group>"; };
		CE90E67E22872A350071D4D3 /* rootviewcontroller.cpp */ = {isa = PBXFileReference; fileEncoding = 4; lastKnownFileType = sourcecode.cpp.cpp; path = rootviewcontroller.cpp; sourceTree = "<group>"; };
		CE90E68022872A350071D4D3 /* cqtouchesevent_p.hh */ = {isa = PBXFileReference; fileEncoding = 4; lastKnownFileType = sourcecode.cpp.h; path = cqtouchesevent_p.hh; sourceTree = "<group>"; };
		CE90E68122872A350071D4D3 /* cqview.hh */ = {isa = PBXFileReference; fileEncoding = 4; lastKnownFileType = sourcecode.cpp.h; path = cqview.hh; sourceTree = "<group>"; };
		CE90E68222872A350071D4D3 /* cqviewcontroller.cpp */ = {isa = PBXFileReference; fileEncoding = 4; lastKnownFileType = sourcecode.cpp.cpp; path = cqviewcontroller.cpp; sourceTree = "<group>"; };
		CE90E68322872A350071D4D3 /* cqtouchesevent.cpp */ = {isa = PBXFileReference; fileEncoding = 4; lastKnownFileType = sourcecode.cpp.cpp; path = cqtouchesevent.cpp; sourceTree = "<group>"; };
		CE90E68422872A350071D4D3 /* cqtouch.hh */ = {isa = PBXFileReference; fileEncoding = 4; lastKnownFileType = sourcecode.cpp.h; path = cqtouch.hh; sourceTree = "<group>"; };
		CE90E68522872A350071D4D3 /* cqcocoa.hh */ = {isa = PBXFileReference; fileEncoding = 4; lastKnownFileType = sourcecode.cpp.h; path = cqcocoa.hh; sourceTree = "<group>"; };
		CE90E68622872A350071D4D3 /* cqresponder.cpp */ = {isa = PBXFileReference; fileEncoding = 4; lastKnownFileType = sourcecode.cpp.cpp; path = cqresponder.cpp; sourceTree = "<group>"; };
		CE90E68722872A350071D4D3 /* cqviewcontroller.hh */ = {isa = PBXFileReference; fileEncoding = 4; lastKnownFileType = sourcecode.cpp.h; path = cqviewcontroller.hh; sourceTree = "<group>"; };
		CE90E68822872A350071D4D3 /* cqview.cpp */ = {isa = PBXFileReference; fileEncoding = 4; lastKnownFileType = sourcecode.cpp.cpp; path = cqview.cpp; sourceTree = "<group>"; };
		CE90E68922872A350071D4D3 /* cqresponder.hh */ = {isa = PBXFileReference; fileEncoding = 4; lastKnownFileType = sourcecode.cpp.h; path = cqresponder.hh; sourceTree = "<group>"; };
		CE90E68A22872A350071D4D3 /* cqwindow.cpp */ = {isa = PBXFileReference; fileEncoding = 4; lastKnownFileType = sourcecode.cpp.cpp; path = cqwindow.cpp; sourceTree = "<group>"; };
		CE90E68B22872A350071D4D3 /* cqwindow.hh */ = {isa = PBXFileReference; fileEncoding = 4; lastKnownFileType = sourcecode.cpp.h; path = cqwindow.hh; sourceTree = "<group>"; };
		CE90E68C22872A350071D4D3 /* cqevent.hh */ = {isa = PBXFileReference; fileEncoding = 4; lastKnownFileType = sourcecode.cpp.h; path = cqevent.hh; sourceTree = "<group>"; };
		CE90E68D22872A350071D4D3 /* cqapplication.hh */ = {isa = PBXFileReference; fileEncoding = 4; lastKnownFileType = sourcecode.cpp.h; path = cqapplication.hh; sourceTree = "<group>"; };
		CE90E68E22872A350071D4D3 /* cqevent.cpp */ = {isa = PBXFileReference; fileEncoding = 4; lastKnownFileType = sourcecode.cpp.cpp; path = cqevent.cpp; sourceTree = "<group>"; };
		CE90E68F22872A350071D4D3 /* cqapplication.cpp */ = {isa = PBXFileReference; fileEncoding = 4; lastKnownFileType = sourcecode.cpp.cpp; path = cqapplication.cpp; sourceTree = "<group>"; };
		CE90E69022872A350071D4D3 /* cqtouch.cpp */ = {isa = PBXFileReference; fileEncoding = 4; lastKnownFileType = sourcecode.cpp.cpp; path = cqtouch.cpp; sourceTree = "<group>"; };
		CEEB261A2300655C001FD8D6 /* CQNetStatusListener.h */ = {isa = PBXFileReference; fileEncoding = 4; lastKnownFileType = sourcecode.c.h; path = CQNetStatusListener.h; sourceTree = "<group>"; };
		CEEB261B2300655C001FD8D6 /* CQNetStatusListener.m */ = {isa = PBXFileReference; fileEncoding = 4; lastKnownFileType = sourcecode.c.objc; path = CQNetStatusListener.m; sourceTree = "<group>"; };
/* End PBXFileReference section */

/* Begin PBXFrameworksBuildPhase section */
		B45C1B5821A02562007CB374 /* Frameworks */ = {
			isa = PBXFrameworksBuildPhase;
			buildActionMask = 2147483647;
			files = (
				B4FCC39821F0912700D152DF /* libc++.tbd in Frameworks */,
				B4B9D32022278D4E00B35E72 /* liblua.a in Frameworks */,
				B444D8E321DF6DDF00E5FF54 /* libLibrary.a in Frameworks */,
			);
			runOnlyForDeploymentPostprocessing = 0;
		};
/* End PBXFrameworksBuildPhase section */

/* Begin PBXGroup section */
		B401E5C3226F344A002F65BF /* Products */ = {
			isa = PBXGroup;
			children = (
				B401E5C7226F344B002F65BF /* Resource.bundle */,
			);
			name = Products;
			sourceTree = "<group>";
		};
		B416F18721A2CCE50045FDF6 /* Root */ = {
			isa = PBXGroup;
			children = (
				B416F18821A2CD630045FDF6 /* Scenes.plist */,
			);
			path = Root;
			sourceTree = "<group>";
		};
		B42520FC22842AD2004FA04B /* Extension */ = {
			isa = PBXGroup;
			children = (
				B475C167230100A200ED7BD3 /* CQGCD.h */,
				B475C166230100A200ED7BD3 /* CQGCD.m */,
				B42520FF22842AD2004FA04B /* NSBundle+CQ.h */,
				B425210422842AD2004FA04B /* NSBundle+CQ.m */,
				B467ECE223100B090045E2DC /* NSMutableDictionary+CQ.h */,
				B467ECE323100B090045E2DC /* NSMutableDictionary+CQ.m */,
				B475C168230100A300ED7BD3 /* NSNotificationCenter+CQ.h */,
				B475C165230100A200ED7BD3 /* NSNotificationCenter+CQ.m */,
				B467ECDF231000100045E2DC /* NSString+CQ.h */,
				B467ECE0231000100045E2DC /* NSString+CQ.m */,
				B425210122842AD2004FA04B /* UIDevice+CQ.h */,
				B425210522842AD2004FA04B /* UIDevice+CQ.m */,
				B42520FE22842AD2004FA04B /* UIView+CQ.h */,
				B425210222842AD2004FA04B /* UIView+CQ.m */,
				B425210022842AD2004FA04B /* UIViewController+CQ.h */,
				B425210622842AD2004FA04B /* UIViewController+CQ.m */,
			);
			path = Extension;
			sourceTree = "<group>";
		};
		B425211022842B90004FA04B /* CQHotfixManager */ = {
			isa = PBXGroup;
			children = (
				B425211222842B90004FA04B /* CQHotfixManager.h */,
				B425211122842B90004FA04B /* CQHotfixManager.m */,
			);
			path = CQHotfixManager;
			sourceTree = "<group>";
		};
		B425211522842BE4004FA04B /* CQCrashListener */ = {
			isa = PBXGroup;
			children = (
				B425211722842BE4004FA04B /* CQCrashListener.h */,
				B425211622842BE4004FA04B /* CQCrashListener.m */,
			);
			path = CQCrashListener;
			sourceTree = "<group>";
		};
		B425211822842BE4004FA04B /* CQSceneNavigator */ = {
			isa = PBXGroup;
			children = (
				B425211B22842BE4004FA04B /* CQSceneNavigator.h */,
				B425211922842BE4004FA04B /* CQSceneNavigator.m */,
				B425211A22842BE4004FA04B /* UIViewController+CQScene.h */,
				B425211C22842BE4004FA04B /* UIViewController+CQScene.m */,
			);
			path = CQSceneNavigator;
			sourceTree = "<group>";
		};
		B425212722842C8E004FA04B /* CQDemoViewController */ = {
			isa = PBXGroup;
			children = (
				B425212822842C8E004FA04B /* CQDemoViewController.h */,
				B425212922842C8E004FA04B /* CQDemoViewController.m */,
			);
			path = CQDemoViewController;
			sourceTree = "<group>";
		};
		B4549AB422BCA2FE00781D3C /* Strings */ = {
			isa = PBXGroup;
			children = (
				B4C7448C22BCAE5100483834 /* InfoPlist.strings */,
				B4549AB522BCA2FE00781D3C /* L.strings */,
			);
			path = Strings;
			sourceTree = "<group>";
		};
		B45C1B5221A02561007CB374 = {
			isa = PBXGroup;
			children = (
				B45C1B5D21A02562007CB374 /* App */,
				B473DC1B22A4E6C500218901 /* BasisProgram */,
				B4BC9C9622041E5500CFD84C /* CPPProgam */,
				B4B9431422250FB500CE3C9A /* LuaProgram */,
				B4FCC39621F0912700D152DF /* Frameworks */,
				B45C1B5C21A02562007CB374 /* Products */,
				B4EC3C6621DF6D8800E287A4 /* Library.xcodeproj */,
				B41264A7226D897100745ABF /* Resource.xcodeproj */,
			);
			sourceTree = "<group>";
		};
		B45C1B5C21A02562007CB374 /* Products */ = {
			isa = PBXGroup;
			children = (
				B45C1B5B21A02562007CB374 /* App.app */,
			);
			name = Products;
			sourceTree = "<group>";
		};
		B45C1B5D21A02562007CB374 /* App */ = {
			isa = PBXGroup;
			children = (
				B4E7CD0E2224098800122637 /* main.m */,
				B45C1B7921A02B19007CB374 /* Classes */,
				B45C1B7421A02B19007CB374 /* Properties */,
				B45C1B7621A02B19007CB374 /* Resoures */,
			);
			path = App;
			sourceTree = "<group>";
		};
		B45C1B7421A02B19007CB374 /* Properties */ = {
			isa = PBXGroup;
			children = (
				B45C1B7521A02B19007CB374 /* Info.plist */,
			);
			path = Properties;
			sourceTree = "<group>";
		};
		B45C1B7621A02B19007CB374 /* Resoures */ = {
			isa = PBXGroup;
			children = (
				B45C1B7821A02B19007CB374 /* Assets.xcassets */,
				B45C1B7721A02B19007CB374 /* LaunchScreen.storyboard */,
				B416F18721A2CCE50045FDF6 /* Root */,
				B4549AB422BCA2FE00781D3C /* Strings */,
				B45C1BCD21A0349B007CB374 /* UI */,
			);
			path = Resoures;
			sourceTree = "<group>";
		};
		B45C1B7921A02B19007CB374 /* Classes */ = {
			isa = PBXGroup;
			children = (
				B425210C22842B05004FA04B /* Prefix.pch */,
				B45C1BAF21A02B19007CB374 /* Data */,
				B42520FC22842AD2004FA04B /* Extension */,
				B45C1B8B21A02B19007CB374 /* Root */,
				B45C1B7A21A02B19007CB374 /* UI */,
			);
			path = Classes;
			sourceTree = "<group>";
		};
		B45C1B7A21A02B19007CB374 /* UI */ = {
			isa = PBXGroup;
			children = (
				B4D3B38F2260C15B007D3E4A /* BlankViewController */,
				B425212722842C8E004FA04B /* CQDemoViewController */,
				B4CFD96221C7475000FFF4CF /* DailyDemoController */,
				B4D3B3972260C88E007D3E4A /* FloatViewController */,
				B4CFD95F21C7475000FFF4CF /* IAPDemoController */,
			);
			path = UI;
			sourceTree = "<group>";
		};
		B45C1B8B21A02B19007CB374 /* Root */ = {
			isa = PBXGroup;
			children = (
				B45C1B8C21A02B19007CB374 /* AppDelegate */,
				B425211522842BE4004FA04B /* CQCrashListener */,
				B425211822842BE4004FA04B /* CQSceneNavigator */,
			);
			path = Root;
			sourceTree = "<group>";
		};
		B45C1B8C21A02B19007CB374 /* AppDelegate */ = {
			isa = PBXGroup;
			children = (
				B45C1B8D21A02B19007CB374 /* AppDelegate.h */,
				B45C1B8E21A02B19007CB374 /* AppDelegate.m */,
			);
			path = AppDelegate;
			sourceTree = "<group>";
		};
		B45C1BAF21A02B19007CB374 /* Data */ = {
			isa = PBXGroup;
			children = (
				B425211022842B90004FA04B /* CQHotfixManager */,
				CEEB26192300655C001FD8D6 /* CQNetStatusListener */,
				B4DCD87921F17DAE0090BFBB /* UserInfo */,
			);
			path = Data;
			sourceTree = "<group>";
		};
		B45C1BCD21A0349B007CB374 /* UI */ = {
			isa = PBXGroup;
			children = (
				B4D3B3932260C209007D3E4A /* BlankViewController */,
				B45C1BCE21A0349B007CB374 /* DailyDemoController */,
				B4CFD97821C75A0600FFF4CF /* IAPDemoController */,
			);
			path = UI;
			sourceTree = "<group>";
		};
		B45C1BCE21A0349B007CB374 /* DailyDemoController */ = {
			isa = PBXGroup;
			children = (
				B45C1BCF21A034C0007CB374 /* DailyDemoController.xib */,
			);
			path = DailyDemoController;
			sourceTree = "<group>";
		};
		B473DC1B22A4E6C500218901 /* BasisProgram */ = {
			isa = PBXGroup;
			children = (
				B473DC1C22A4E72600218901 /* IOSBasisProgram */,
				B473DC2122A4E72600218901 /* libbasisprogram */,
			);
			name = BasisProgram;
			sourceTree = "<group>";
		};
		B473DC1C22A4E72600218901 /* IOSBasisProgram */ = {
			isa = PBXGroup;
			children = (
				B473DC2022A4E72600218901 /* CQHostAppDelegate.h */,
				B473DC1E22A4E72600218901 /* CQHostAppDelegate.m */,
				B473DC1D22A4E72600218901 /* CQHostViewController.h */,
				B473DC1F22A4E72600218901 /* CQHostViewController.m */,
			);
			name = IOSBasisProgram;
			path = ../program_basis/IOSBasisProgram;
			sourceTree = "<group>";
		};
		B473DC2122A4E72600218901 /* libbasisprogram */ = {
			isa = PBXGroup;
			children = (
				B473DC2522A4E72600218901 /* cqopengl.cpp */,
				B473DC2222A4E72600218901 /* cqopengl.h */,
				B473DC2322A4E72600218901 /* cqwindow.cpp */,
				B473DC2422A4E72600218901 /* cqwindow.h */,
			);
			name = libbasisprogram;
			path = ../program_basis/libbasisprogram;
			sourceTree = "<group>";
		};
		B4B9431422250FB500CE3C9A /* LuaProgram */ = {
			isa = PBXGroup;
			children = (
				B4C1623A22A8C02F00D9CA70 /* IOSLuaProgram */,
				CE90E63C228727460071D4D3 /* libluaprogram */,
			);
			name = LuaProgram;
			sourceTree = "<group>";
		};
		B4BC9C9622041E5500CFD84C /* CPPProgam */ = {
			isa = PBXGroup;
			children = (
				B4954B3E22F2B1A200B66C0F /* _CQCOCOA_VERSION.h */,
				B4C1623622A8C01900D9CA70 /* IOSCPPProgram */,
				CE90E67922872A350071D4D3 /* libcppprogram */,
			);
			name = CPPProgam;
			sourceTree = "<group>";
		};
		B4C1623622A8C01900D9CA70 /* IOSCPPProgram */ = {
			isa = PBXGroup;
			children = (
				B4C1623822A8C01900D9CA70 /* CPPHostAppDelegate.h */,
				B4C1623722A8C01900D9CA70 /* CPPHostAppDelegate.m */,
			);
			name = IOSCPPProgram;
			path = ../program_cpp/IOSCPPProgram;
			sourceTree = "<group>";
		};
		B4C1623A22A8C02F00D9CA70 /* IOSLuaProgram */ = {
			isa = PBXGroup;
			children = (
				B4C1623B22A8C02F00D9CA70 /* LuaHostAppDelegate.h */,
				B4C1623C22A8C02F00D9CA70 /* LuaHostAppDelegate.m */,
			);
			name = IOSLuaProgram;
			path = ../program_lua/IOSLuaProgram;
			sourceTree = "<group>";
		};
		B4CFD95F21C7475000FFF4CF /* IAPDemoController */ = {
			isa = PBXGroup;
			children = (
				B4CFD96121C7475000FFF4CF /* IAPDemoController.h */,
				B4CFD96021C7475000FFF4CF /* IAPDemoController.m */,
			);
			path = IAPDemoController;
			sourceTree = "<group>";
		};
		B4CFD96221C7475000FFF4CF /* DailyDemoController */ = {
			isa = PBXGroup;
			children = (
				B4CFD96321C7475000FFF4CF /* DailyDemoController.h */,
				B4CFD96421C7475000FFF4CF /* DailyDemoController.m */,
			);
			path = DailyDemoController;
			sourceTree = "<group>";
		};
		B4CFD97821C75A0600FFF4CF /* IAPDemoController */ = {
			isa = PBXGroup;
			children = (
				B4CFD97921C75AB300FFF4CF /* IAPDemoController.xib */,
			);
			path = IAPDemoController;
			sourceTree = "<group>";
		};
		B4D3B38F2260C15B007D3E4A /* BlankViewController */ = {
			isa = PBXGroup;
			children = (
				B4D3B3912260C15B007D3E4A /* BlankViewController.h */,
				B4D3B3902260C15B007D3E4A /* BlankViewController.m */,
			);
			path = BlankViewController;
			sourceTree = "<group>";
		};
		B4D3B3932260C209007D3E4A /* BlankViewController */ = {
			isa = PBXGroup;
			children = (
				B4D3B3942260C21D007D3E4A /* BlankViewController.xib */,
			);
			path = BlankViewController;
			sourceTree = "<group>";
		};
		B4D3B3972260C88E007D3E4A /* FloatViewController */ = {
			isa = PBXGroup;
			children = (
				B4D3B3992260C88E007D3E4A /* FloatViewController.h */,
				B4D3B3982260C88E007D3E4A /* FloatViewController.m */,
			);
			path = FloatViewController;
			sourceTree = "<group>";
		};
		B4DCD87921F17DAE0090BFBB /* UserInfo */ = {
			isa = PBXGroup;
			children = (
				B4DCD87D21F17DAE0090BFBB /* UserIdentity.h */,
				B4DCD87B21F17DAE0090BFBB /* UserIdentity.m */,
				B4DCD87A21F17DAE0090BFBB /* UserSetting.h */,
				B4DCD87C21F17DAE0090BFBB /* UserSetting.m */,
			);
			path = UserInfo;
			sourceTree = "<group>";
		};
		B4EC3C6721DF6D8800E287A4 /* Products */ = {
			isa = PBXGroup;
			children = (
				B4EC3C6B21DF6D8800E287A4 /* libLibrary.a */,
			);
			name = Products;
			sourceTree = "<group>";
		};
		B4FCC39621F0912700D152DF /* Frameworks */ = {
			isa = PBXGroup;
			children = (
				B4FCC39721F0912700D152DF /* libc++.tbd */,
				B4B9D31F22278D4D00B35E72 /* liblua.a */,
			);
			name = Frameworks;
			sourceTree = "<group>";
		};
		CE90E63C228727460071D4D3 /* libluaprogram */ = {
			isa = PBXGroup;
			children = (
				CE90E641228727460071D4D3 /* cqluasource.cpp */,
				CE90E640228727460071D4D3 /* cqluasource.h */,
				CE90E63D228727460071D4D3 /* cqluavm.cpp */,
				CE90E63E228727460071D4D3 /* cqluavm.h */,
				B473DC2A22A5000B00218901 /* luahost.cpp */,
			);
			name = libluaprogram;
			path = ../program_lua/libluaprogram;
			sourceTree = "<group>";
		};
		CE90E67922872A350071D4D3 /* libcppprogram */ = {
			isa = PBXGroup;
			children = (
				CE90E67F22872A350071D4D3 /* cqcocoa */,
				CE90E67A22872A350071D4D3 /* user */,
			);
			name = libcppprogram;
			path = ../program_cpp/libcppprogram;
			sourceTree = "<group>";
		};
		CE90E67A22872A350071D4D3 /* user */ = {
			isa = PBXGroup;
			children = (
				CE90E67C22872A350071D4D3 /* appdelegate.cpp */,
				CE90E67D22872A350071D4D3 /* appdelegate.hh */,
				CE90E67E22872A350071D4D3 /* rootviewcontroller.cpp */,
				CE90E67B22872A350071D4D3 /* rootviewcontroller.hh */,
			);
			path = user;
			sourceTree = "<group>";
		};
		CE90E67F22872A350071D4D3 /* cqcocoa */ = {
			isa = PBXGroup;
			children = (
				CE90E68F22872A350071D4D3 /* cqapplication.cpp */,
				CE90E68D22872A350071D4D3 /* cqapplication.hh */,
				CE90E68522872A350071D4D3 /* cqcocoa.hh */,
				B4954B3D22F2B16E00B66C0F /* cqcocoabase.hh */,
				B4EF08B5228D8D9A0089AA4C /* cqcolor.cpp */,
				B4EF08B4228D8D9A0089AA4C /* cqcolor.hh */,
				CE90E68E22872A350071D4D3 /* cqevent.cpp */,
				CE90E68C22872A350071D4D3 /* cqevent.hh */,
				B4A44689228BA74E00B46240 /* cqgeometry.cpp */,
				B4A4468A228BA74F00B46240 /* cqgeometry.hh */,
				B43C7A852317C79C008353A4 /* cqgraphics.cpp */,
				B43C7A862317C79C008353A4 /* cqgraphics.hh */,
				CE90E68622872A350071D4D3 /* cqresponder.cpp */,
				CE90E68922872A350071D4D3 /* cqresponder.hh */,
				CE90E69022872A350071D4D3 /* cqtouch.cpp */,
				CE90E68422872A350071D4D3 /* cqtouch.hh */,
				CE90E68022872A350071D4D3 /* cqtouchesevent_p.hh */,
				CE90E68322872A350071D4D3 /* cqtouchesevent.cpp */,
				CE90E68822872A350071D4D3 /* cqview.cpp */,
				CE90E68122872A350071D4D3 /* cqview.hh */,
				CE90E68222872A350071D4D3 /* cqviewcontroller.cpp */,
				CE90E68722872A350071D4D3 /* cqviewcontroller.hh */,
				CE90E68A22872A350071D4D3 /* cqwindow.cpp */,
				CE90E68B22872A350071D4D3 /* cqwindow.hh */,
			);
			path = cqcocoa;
			sourceTree = "<group>";
		};
		CEEB26192300655C001FD8D6 /* CQNetStatusListener */ = {
			isa = PBXGroup;
			children = (
				CEEB261A2300655C001FD8D6 /* CQNetStatusListener.h */,
				CEEB261B2300655C001FD8D6 /* CQNetStatusListener.m */,
			);
			path = CQNetStatusListener;
			sourceTree = "<group>";
		};
/* End PBXGroup section */

/* Begin PBXNativeTarget section */
		B45C1B5A21A02562007CB374 /* App */ = {
			isa = PBXNativeTarget;
			buildConfigurationList = B45C1B7121A02563007CB374 /* Build configuration list for PBXNativeTarget "App" */;
			buildPhases = (
				B45C1B5721A02562007CB374 /* Sources */,
				B45C1B5821A02562007CB374 /* Frameworks */,
				B45C1B5921A02562007CB374 /* Resources */,
			);
			buildRules = (
			);
			dependencies = (
				B444D8E121DF6DD900E5FF54 /* PBXTargetDependency */,
				B401E5CA226F3489002F65BF /* PBXTargetDependency */,
			);
			name = App;
			productName = App;
			productReference = B45C1B5B21A02562007CB374 /* App.app */;
			productType = "com.apple.product-type.application";
		};
/* End PBXNativeTarget section */

/* Begin PBXProject section */
		B45C1B5321A02561007CB374 /* Project object */ = {
			isa = PBXProject;
			attributes = {
				LastUpgradeCheck = 1030;
				ORGANIZATIONNAME = wzsayiie;
				TargetAttributes = {
					B45C1B5A21A02562007CB374 = {
						CreatedOnToolsVersion = 10.1;
					};
				};
			};
			buildConfigurationList = B45C1B5621A02561007CB374 /* Build configuration list for PBXProject "App" */;
			compatibilityVersion = "Xcode 9.3";
			developmentRegion = en;
			hasScannedForEncodings = 0;
			knownRegions = (
				en,
				Base,
				"zh-Hans",
			);
			mainGroup = B45C1B5221A02561007CB374;
			productRefGroup = B45C1B5C21A02562007CB374 /* Products */;
			projectDirPath = "";
			projectReferences = (
				{
					ProductGroup = B4EC3C6721DF6D8800E287A4 /* Products */;
					ProjectRef = B4EC3C6621DF6D8800E287A4 /* Library.xcodeproj */;
				},
				{
					ProductGroup = B401E5C3226F344A002F65BF /* Products */;
					ProjectRef = B41264A7226D897100745ABF /* Resource.xcodeproj */;
				},
			);
			projectRoot = "";
			targets = (
				B45C1B5A21A02562007CB374 /* App */,
			);
		};
/* End PBXProject section */

/* Begin PBXReferenceProxy section */
		B401E5C7226F344B002F65BF /* Resource.bundle */ = {
			isa = PBXReferenceProxy;
			fileType = wrapper.cfbundle;
			path = Resource.bundle;
			remoteRef = B401E5C6226F344B002F65BF /* PBXContainerItemProxy */;
			sourceTree = BUILT_PRODUCTS_DIR;
		};
		B4EC3C6B21DF6D8800E287A4 /* libLibrary.a */ = {
			isa = PBXReferenceProxy;
			fileType = archive.ar;
			path = libLibrary.a;
			remoteRef = B4EC3C6A21DF6D8800E287A4 /* PBXContainerItemProxy */;
			sourceTree = BUILT_PRODUCTS_DIR;
		};
/* End PBXReferenceProxy section */

/* Begin PBXResourcesBuildPhase section */
		B45C1B5921A02562007CB374 /* Resources */ = {
			isa = PBXResourcesBuildPhase;
			buildActionMask = 2147483647;
			files = (
				B401E5C8226F3470002F65BF /* Resource.bundle in Resources */,
				B45C1BB221A02B19007CB374 /* Assets.xcassets in Resources */,
				B45C1BD021A034C0007CB374 /* DailyDemoController.xib in Resources */,
				B45C1BB121A02B19007CB374 /* LaunchScreen.storyboard in Resources */,
				B4549AB722BCA2FE00781D3C /* L.strings in Resources */,
				B416F18921A2CD630045FDF6 /* Scenes.plist in Resources */,
				B4CFD97A21C75AB300FFF4CF /* IAPDemoController.xib in Resources */,
				B4D3B3952260C21D007D3E4A /* BlankViewController.xib in Resources */,
				B4C7448E22BCAE5100483834 /* InfoPlist.strings in Resources */,
			);
			runOnlyForDeploymentPostprocessing = 0;
		};
/* End PBXResourcesBuildPhase section */

/* Begin PBXSourcesBuildPhase section */
		B45C1B5721A02562007CB374 /* Sources */ = {
			isa = PBXSourcesBuildPhase;
			buildActionMask = 2147483647;
			files = (
				CE90E649228727460071D4D3 /* cqluasource.cpp in Sources */,
				B467ECE1231000100045E2DC /* NSString+CQ.m in Sources */,
				B4DCD87E21F17DAE0090BFBB /* UserIdentity.m in Sources */,
				B4CFD97421C7475000FFF4CF /* DailyDemoController.m in Sources */,
				B425210922842AD3004FA04B /* NSBundle+CQ.m in Sources */,
				B467ECE423100B090045E2DC /* NSMutableDictionary+CQ.m in Sources */,
				B4EF08B6228D8D9A0089AA4C /* cqcolor.cpp in Sources */,
				CEEB261C2300655C001FD8D6 /* CQNetStatusListener.m in Sources */,
				B475C16A230100A300ED7BD3 /* CQGCD.m in Sources */,
				CE90E69522872A350071D4D3 /* rootviewcontroller.cpp in Sources */,
				CE90E69622872A350071D4D3 /* cqviewcontroller.cpp in Sources */,
				CE90E69A22872A350071D4D3 /* cqwindow.cpp in Sources */,
				B425211422842B91004FA04B /* CQHotfixManager.m in Sources */,
				B425212A22842C8E004FA04B /* CQDemoViewController.m in Sources */,
				CE90E647228727460071D4D3 /* cqluavm.cpp in Sources */,
				B473DC2922A4E72600218901 /* cqopengl.cpp in Sources */,
				B473DC2722A4E72600218901 /* CQHostViewController.m in Sources */,
				B4D3B3922260C15B007D3E4A /* BlankViewController.m in Sources */,
				B45C1BB821A02B19007CB374 /* AppDelegate.m in Sources */,
				CE90E69422872A350071D4D3 /* appdelegate.cpp in Sources */,
				B475C169230100A300ED7BD3 /* NSNotificationCenter+CQ.m in Sources */,
				B4DCD87F21F17DAE0090BFBB /* UserSetting.m in Sources */,
				CE90E69922872A350071D4D3 /* cqview.cpp in Sources */,
				B43C7A872317C79C008353A4 /* cqgraphics.cpp in Sources */,
				B4E7CD0F2224098800122637 /* main.m in Sources */,
				B473DC2622A4E72600218901 /* CQHostAppDelegate.m in Sources */,
				B4C1623D22A8C02F00D9CA70 /* LuaHostAppDelegate.m in Sources */,
				B4A4468B228BA74F00B46240 /* cqgeometry.cpp in Sources */,
				B473DC2B22A5000B00218901 /* luahost.cpp in Sources */,
				B4C1623922A8C01900D9CA70 /* CPPHostAppDelegate.m in Sources */,
				B4CFD97321C7475000FFF4CF /* IAPDemoController.m in Sources */,
				B425210A22842AD3004FA04B /* UIDevice+CQ.m in Sources */,
				B425212322842BE4004FA04B /* CQSceneNavigator.m in Sources */,
				CE90E69B22872A350071D4D3 /* cqevent.cpp in Sources */,
				B473DC2822A4E72600218901 /* cqwindow.cpp in Sources */,
				CE90E69822872A350071D4D3 /* cqresponder.cpp in Sources */,
				B425210B22842AD3004FA04B /* UIViewController+CQ.m in Sources */,
				CE90E69C22872A350071D4D3 /* cqapplication.cpp in Sources */,
				B425212222842BE4004FA04B /* CQCrashListener.m in Sources */,
				CE90E69D22872A350071D4D3 /* cqtouch.cpp in Sources */,
				CE90E69722872A350071D4D3 /* cqtouchesevent.cpp in Sources */,
				B425210822842AD3004FA04B /* UIView+CQ.m in Sources */,
				B4D3B39A2260C88E007D3E4A /* FloatViewController.m in Sources */,
				B425212422842BE4004FA04B /* UIViewController+CQScene.m in Sources */,
			);
			runOnlyForDeploymentPostprocessing = 0;
		};
/* End PBXSourcesBuildPhase section */

/* Begin PBXTargetDependency section */
		B401E5CA226F3489002F65BF /* PBXTargetDependency */ = {
			isa = PBXTargetDependency;
			name = Resource;
			targetProxy = B401E5C9226F3489002F65BF /* PBXContainerItemProxy */;
		};
		B444D8E121DF6DD900E5FF54 /* PBXTargetDependency */ = {
			isa = PBXTargetDependency;
			name = Library;
			targetProxy = B444D8E021DF6DD900E5FF54 /* PBXContainerItemProxy */;
		};
/* End PBXTargetDependency section */

/* Begin PBXVariantGroup section */
		B4549AB522BCA2FE00781D3C /* L.strings */ = {
			isa = PBXVariantGroup;
			children = (
				B4549AB622BCA2FE00781D3C /* Base */,
				B4549AB822BCA30F00781D3C /* zh-Hans */,
			);
			name = L.strings;
			sourceTree = "<group>";
		};
		B4C7448C22BCAE5100483834 /* InfoPlist.strings */ = {
			isa = PBXVariantGroup;
			children = (
				B4C7448D22BCAE5100483834 /* Base */,
				B4C7448F22BCAE5600483834 /* zh-Hans */,
			);
			name = InfoPlist.strings;
			sourceTree = "<group>";
		};
/* End PBXVariantGroup section */

/* Begin XCBuildConfiguration section */
		B45C1B6F21A02563007CB374 /* Debug */ = {
			isa = XCBuildConfiguration;
			buildSettings = {
				ALWAYS_SEARCH_USER_PATHS = NO;
				CLANG_ANALYZER_LOCALIZABILITY_NONLOCALIZED = YES;
				CLANG_ANALYZER_NONNULL = YES;
				CLANG_ANALYZER_NUMBER_OBJECT_CONVERSION = YES_AGGRESSIVE;
				CLANG_CXX_LANGUAGE_STANDARD = "gnu++14";
				CLANG_CXX_LIBRARY = "libc++";
				CLANG_ENABLE_MODULES = YES;
				CLANG_ENABLE_OBJC_ARC = YES;
				CLANG_ENABLE_OBJC_WEAK = YES;
				CLANG_WARN_BLOCK_CAPTURE_AUTORELEASING = YES;
				CLANG_WARN_BOOL_CONVERSION = YES;
				CLANG_WARN_COMMA = YES;
				CLANG_WARN_CONSTANT_CONVERSION = YES;
				CLANG_WARN_DEPRECATED_OBJC_IMPLEMENTATIONS = YES;
				CLANG_WARN_DIRECT_OBJC_ISA_USAGE = YES_ERROR;
				CLANG_WARN_DOCUMENTATION_COMMENTS = YES;
				CLANG_WARN_EMPTY_BODY = YES;
				CLANG_WARN_ENUM_CONVERSION = YES;
				CLANG_WARN_INFINITE_RECURSION = YES;
				CLANG_WARN_INT_CONVERSION = YES;
				CLANG_WARN_NON_LITERAL_NULL_CONVERSION = YES;
				CLANG_WARN_OBJC_IMPLICIT_RETAIN_SELF = YES;
				CLANG_WARN_OBJC_LITERAL_CONVERSION = YES;
				CLANG_WARN_OBJC_ROOT_CLASS = YES_ERROR;
				CLANG_WARN_RANGE_LOOP_ANALYSIS = YES;
				CLANG_WARN_STRICT_PROTOTYPES = YES;
				CLANG_WARN_SUSPICIOUS_MOVE = YES;
				CLANG_WARN_UNGUARDED_AVAILABILITY = YES_AGGRESSIVE;
				CLANG_WARN_UNREACHABLE_CODE = YES;
				CLANG_WARN__DUPLICATE_METHOD_MATCH = YES;
				CODE_SIGN_IDENTITY = "iPhone Developer";
				COPY_PHASE_STRIP = NO;
				DEBUG_INFORMATION_FORMAT = dwarf;
				ENABLE_STRICT_OBJC_MSGSEND = YES;
				ENABLE_TESTABILITY = YES;
				GCC_C_LANGUAGE_STANDARD = gnu11;
				GCC_DYNAMIC_NO_PIC = NO;
				GCC_NO_COMMON_BLOCKS = YES;
				GCC_OPTIMIZATION_LEVEL = 0;
				GCC_PREPROCESSOR_DEFINITIONS = (
					"DEBUG=1",
					"$(inherited)",
				);
				GCC_WARN_64_TO_32_BIT_CONVERSION = YES;
				GCC_WARN_ABOUT_RETURN_TYPE = YES_ERROR;
				GCC_WARN_UNDECLARED_SELECTOR = YES;
				GCC_WARN_UNINITIALIZED_AUTOS = YES_AGGRESSIVE;
				GCC_WARN_UNUSED_FUNCTION = YES;
				GCC_WARN_UNUSED_VARIABLE = YES;
				IPHONEOS_DEPLOYMENT_TARGET = 10.0;
				MTL_ENABLE_DEBUG_INFO = INCLUDE_SOURCE;
				MTL_FAST_MATH = YES;
				ONLY_ACTIVE_ARCH = YES;
				SDKROOT = iphoneos;
			};
			name = Debug;
		};
		B45C1B7021A02563007CB374 /* Release */ = {
			isa = XCBuildConfiguration;
			buildSettings = {
				ALWAYS_SEARCH_USER_PATHS = NO;
				CLANG_ANALYZER_LOCALIZABILITY_NONLOCALIZED = YES;
				CLANG_ANALYZER_NONNULL = YES;
				CLANG_ANALYZER_NUMBER_OBJECT_CONVERSION = YES_AGGRESSIVE;
				CLANG_CXX_LANGUAGE_STANDARD = "gnu++14";
				CLANG_CXX_LIBRARY = "libc++";
				CLANG_ENABLE_MODULES = YES;
				CLANG_ENABLE_OBJC_ARC = YES;
				CLANG_ENABLE_OBJC_WEAK = YES;
				CLANG_WARN_BLOCK_CAPTURE_AUTORELEASING = YES;
				CLANG_WARN_BOOL_CONVERSION = YES;
				CLANG_WARN_COMMA = YES;
				CLANG_WARN_CONSTANT_CONVERSION = YES;
				CLANG_WARN_DEPRECATED_OBJC_IMPLEMENTATIONS = YES;
				CLANG_WARN_DIRECT_OBJC_ISA_USAGE = YES_ERROR;
				CLANG_WARN_DOCUMENTATION_COMMENTS = YES;
				CLANG_WARN_EMPTY_BODY = YES;
				CLANG_WARN_ENUM_CONVERSION = YES;
				CLANG_WARN_INFINITE_RECURSION = YES;
				CLANG_WARN_INT_CONVERSION = YES;
				CLANG_WARN_NON_LITERAL_NULL_CONVERSION = YES;
				CLANG_WARN_OBJC_IMPLICIT_RETAIN_SELF = YES;
				CLANG_WARN_OBJC_LITERAL_CONVERSION = YES;
				CLANG_WARN_OBJC_ROOT_CLASS = YES_ERROR;
				CLANG_WARN_RANGE_LOOP_ANALYSIS = YES;
				CLANG_WARN_STRICT_PROTOTYPES = YES;
				CLANG_WARN_SUSPICIOUS_MOVE = YES;
				CLANG_WARN_UNGUARDED_AVAILABILITY = YES_AGGRESSIVE;
				CLANG_WARN_UNREACHABLE_CODE = YES;
				CLANG_WARN__DUPLICATE_METHOD_MATCH = YES;
				CODE_SIGN_IDENTITY = "iPhone Developer";
				COPY_PHASE_STRIP = NO;
				DEBUG_INFORMATION_FORMAT = "dwarf-with-dsym";
				ENABLE_NS_ASSERTIONS = NO;
				ENABLE_STRICT_OBJC_MSGSEND = YES;
				GCC_C_LANGUAGE_STANDARD = gnu11;
				GCC_NO_COMMON_BLOCKS = YES;
				GCC_WARN_64_TO_32_BIT_CONVERSION = YES;
				GCC_WARN_ABOUT_RETURN_TYPE = YES_ERROR;
				GCC_WARN_UNDECLARED_SELECTOR = YES;
				GCC_WARN_UNINITIALIZED_AUTOS = YES_AGGRESSIVE;
				GCC_WARN_UNUSED_FUNCTION = YES;
				GCC_WARN_UNUSED_VARIABLE = YES;
				IPHONEOS_DEPLOYMENT_TARGET = 10.0;
				MTL_ENABLE_DEBUG_INFO = NO;
				MTL_FAST_MATH = YES;
				SDKROOT = iphoneos;
				VALIDATE_PRODUCT = YES;
			};
			name = Release;
		};
		B45C1B7221A02563007CB374 /* Debug */ = {
			isa = XCBuildConfiguration;
			buildSettings = {
				ASSETCATALOG_COMPILER_APPICON_NAME = AppIcon;
				CODE_SIGN_IDENTITY = "iPhone Developer";
				CODE_SIGN_STYLE = Automatic;
				DEVELOPMENT_TEAM = C7Z95JWD4Y;
				GCC_PRECOMPILE_PREFIX_HEADER = YES;
				GCC_PREFIX_HEADER = "$(SRCROOT)/App/Classes/Prefix.pch";
				HEADER_SEARCH_PATHS = (
					"$(SRCROOT)/../GENERATED_HEADERS",
					"$(SRCROOT)/../thirds_ios/includes",
				);
				INFOPLIST_FILE = "$(SRCROOT)/App/Properties/Info.plist";
				LD_RUNPATH_SEARCH_PATHS = (
					"$(inherited)",
					"@executable_path/Frameworks",
				);
				LIBRARY_SEARCH_PATHS = "$(SRCROOT)/../thirds_ios/libs";
				PRODUCT_BUNDLE_IDENTIFIER = me.wzsayiie.app.ios;
				PRODUCT_NAME = "$(TARGET_NAME)";
				PROVISIONING_PROFILE_SPECIFIER = "";
				TARGETED_DEVICE_FAMILY = "1,2";
			};
			name = Debug;
		};
		B45C1B7321A02563007CB374 /* Release */ = {
			isa = XCBuildConfiguration;
			buildSettings = {
				ASSETCATALOG_COMPILER_APPICON_NAME = AppIcon;
				CODE_SIGN_IDENTITY = "iPhone Developer";
				CODE_SIGN_STYLE = Automatic;
				DEVELOPMENT_TEAM = C7Z95JWD4Y;
				GCC_PRECOMPILE_PREFIX_HEADER = YES;
				GCC_PREFIX_HEADER = "$(SRCROOT)/App/Classes/Prefix.pch";
				HEADER_SEARCH_PATHS = (
					"$(SRCROOT)/../GENERATED_HEADERS",
					"$(SRCROOT)/../thirds_ios/includes",
				);
				INFOPLIST_FILE = "$(SRCROOT)/App/Properties/Info.plist";
				LD_RUNPATH_SEARCH_PATHS = (
					"$(inherited)",
					"@executable_path/Frameworks",
				);
				LIBRARY_SEARCH_PATHS = "$(SRCROOT)/../thirds_ios/libs";
				PRODUCT_BUNDLE_IDENTIFIER = me.wzsayiie.app.ios;
				PRODUCT_NAME = "$(TARGET_NAME)";
				PROVISIONING_PROFILE_SPECIFIER = "";
				TARGETED_DEVICE_FAMILY = "1,2";
			};
			name = Release;
		};
/* End XCBuildConfiguration section */

/* Begin XCConfigurationList section */
		B45C1B5621A02561007CB374 /* Build configuration list for PBXProject "App" */ = {
			isa = XCConfigurationList;
			buildConfigurations = (
				B45C1B6F21A02563007CB374 /* Debug */,
				B45C1B7021A02563007CB374 /* Release */,
			);
			defaultConfigurationIsVisible = 0;
			defaultConfigurationName = Release;
		};
		B45C1B7121A02563007CB374 /* Build configuration list for PBXNativeTarget "App" */ = {
			isa = XCConfigurationList;
			buildConfigurations = (
				B45C1B7221A02563007CB374 /* Debug */,
				B45C1B7321A02563007CB374 /* Release */,
			);
			defaultConfigurationIsVisible = 0;
			defaultConfigurationName = Release;
		};
/* End XCConfigurationList section */
	};
	rootObject = B45C1B5321A02561007CB374 /* Project object */;
}
